// !$*UTF8*$!
{
	archiveVersion = 1;
	classes = {
	};
	objectVersion = 48;
	objects = {

/* Begin PBXBuildFile section */
		9733F3B0E912D617F8328FD1 /* Pods_app_LandlordMobile.framework in Frameworks */ = {isa = PBXBuildFile; fileRef = 93FF748376BCFE0AE299D8AE /* Pods_app_LandlordMobile.framework */; };
		DB6C84BC20740C4900A555B2 /* AppDelegate.m in Sources */ = {isa = PBXBuildFile; fileRef = DB6C84BB20740C4900A555B2 /* AppDelegate.m */; };
		DB6C84BF20740C4900A555B2 /* ViewController.m in Sources */ = {isa = PBXBuildFile; fileRef = DB6C84BE20740C4900A555B2 /* ViewController.m */; };
		DB6C84C220740C4900A555B2 /* Main.storyboard in Resources */ = {isa = PBXBuildFile; fileRef = DB6C84C020740C4900A555B2 /* Main.storyboard */; };
		DB6C84C420740C4900A555B2 /* Assets.xcassets in Resources */ = {isa = PBXBuildFile; fileRef = DB6C84C320740C4900A555B2 /* Assets.xcassets */; };
		DB6C84C720740C4900A555B2 /* LaunchScreen.storyboard in Resources */ = {isa = PBXBuildFile; fileRef = DB6C84C520740C4900A555B2 /* LaunchScreen.storyboard */; };
		DB6C84CA20740C4900A555B2 /* main.m in Sources */ = {isa = PBXBuildFile; fileRef = DB6C84C920740C4900A555B2 /* main.m */; };
		DB6C84D120740CA100A555B2 /* Podfile in Resources */ = {isa = PBXBuildFile; fileRef = DB6C84D020740CA100A555B2 /* Podfile */; };
		DBCBA2EA207947D6000118B7 /* PROPERTYEmpty.m in Sources */ = {isa = PBXBuildFile; fileRef = DBCBA294207947C8000118B7 /* PROPERTYEmpty.m */; };
		DBCBA2EB207947D6000118B7 /* PROPERTYTenantIncomeOutput_tenant_income_expense_item.m in Sources */ = {isa = PBXBuildFile; fileRef = DBCBA296207947C8000118B7 /* PROPERTYTenantIncomeOutput_tenant_income_expense_item.m */; };
		DBCBA2EC207947D6000118B7 /* PROPERTYTenantRefOutput.m in Sources */ = {isa = PBXBuildFile; fileRef = DBCBA298207947C8000118B7 /* PROPERTYTenantRefOutput.m */; };
		DBCBA2ED207947D6000118B7 /* PROPERTYTenantOutput_tenants_item.m in Sources */ = {isa = PBXBuildFile; fileRef = DBCBA29A207947C9000118B7 /* PROPERTYTenantOutput_tenants_item.m */; };
		DBCBA2EE207947D6000118B7 /* PROPERTYPropertyMortgageLoanOutput.m in Sources */ = {isa = PBXBuildFile; fileRef = DBCBA29B207947C9000118B7 /* PROPERTYPropertyMortgageLoanOutput.m */; };
		DBCBA2EF207947D6000118B7 /* PROPERTYPropertyOutput_properties_item.m in Sources */ = {isa = PBXBuildFile; fileRef = DBCBA29C207947C9000118B7 /* PROPERTYPropertyOutput_properties_item.m */; };
		DBCBA2F0207947D6000118B7 /* PROPERTYPropertyOwnerOutput.m in Sources */ = {isa = PBXBuildFile; fileRef = DBCBA29D207947C9000118B7 /* PROPERTYPropertyOwnerOutput.m */; };
		DBCBA2F1207947D6000118B7 /* PROPERTYTenantBackgroundInput.m in Sources */ = {isa = PBXBuildFile; fileRef = DBCBA2A1207947C9000118B7 /* PROPERTYTenantBackgroundInput.m */; };
		DBCBA2F2207947D6000118B7 /* PROPERTYPurchaseDetailsInput.m in Sources */ = {isa = PBXBuildFile; fileRef = DBCBA2A2207947C9000118B7 /* PROPERTYPurchaseDetailsInput.m */; };
		DBCBA2F3207947D6000118B7 /* PROPERTYPropertyGeneralExpInput.m in Sources */ = {isa = PBXBuildFile; fileRef = DBCBA2A4207947CA000118B7 /* PROPERTYPropertyGeneralExpInput.m */; };
		DBCBA2F4207947D6000118B7 /* PROPERTYMaintenanceExpTypeOutput_maintenance_expense_types_item.m in Sources */ = {isa = PBXBuildFile; fileRef = DBCBA2A7207947CA000118B7 /* PROPERTYMaintenanceExpTypeOutput_maintenance_expense_types_item.m */; };
		DBCBA2F5207947D6000118B7 /* PROPERTYTenantInput.m in Sources */ = {isa = PBXBuildFile; fileRef = DBCBA2AA207947CB000118B7 /* PROPERTYTenantInput.m */; };
		DBCBA2F6207947D6000118B7 /* PROPERTYTenantIncomeOutput.m in Sources */ = {isa = PBXBuildFile; fileRef = DBCBA2AB207947CB000118B7 /* PROPERTYTenantIncomeOutput.m */; };
		DBCBA2F7207947D6000118B7 /* PROPERTYPropertyOwnerInput.m in Sources */ = {isa = PBXBuildFile; fileRef = DBCBA2AF207947CB000118B7 /* PROPERTYPropertyOwnerInput.m */; };
		DBCBA2F8207947D6000118B7 /* PROPERTYTenantRefInput.m in Sources */ = {isa = PBXBuildFile; fileRef = DBCBA2B2207947CC000118B7 /* PROPERTYTenantRefInput.m */; };
		DBCBA2F9207947D6000118B7 /* PROPERTYMaintenanceExpTypeInput.m in Sources */ = {isa = PBXBuildFile; fileRef = DBCBA2B3207947CC000118B7 /* PROPERTYMaintenanceExpTypeInput.m */; };
		DBCBA2FA207947D6000118B7 /* PROPERTYMaintenanceExpTypeOutput.m in Sources */ = {isa = PBXBuildFile; fileRef = DBCBA2B4207947CC000118B7 /* PROPERTYMaintenanceExpTypeOutput.m */; };
		DBCBA2FB207947D6000118B7 /* PROPERTYRentalAgreementOutput_rental_agreement_item.m in Sources */ = {isa = PBXBuildFile; fileRef = DBCBA2B5207947CC000118B7 /* PROPERTYRentalAgreementOutput_rental_agreement_item.m */; };
		DBCBA2FC207947D6000118B7 /* PROPERTYPropertyTaxOutput.m in Sources */ = {isa = PBXBuildFile; fileRef = DBCBA2BA207947CD000118B7 /* PROPERTYPropertyTaxOutput.m */; };
		DBCBA2FD207947D6000118B7 /* PROPERTYPropertyTaxInput.m in Sources */ = {isa = PBXBuildFile; fileRef = DBCBA2BC207947CE000118B7 /* PROPERTYPropertyTaxInput.m */; };
		DBCBA2FE207947D6000118B7 /* PROPERTYTenantOccupationOutput_tenant_occupation_item.m in Sources */ = {isa = PBXBuildFile; fileRef = DBCBA2BF207947CE000118B7 /* PROPERTYTenantOccupationOutput_tenant_occupation_item.m */; };
		DBCBA2FF207947D6000118B7 /* PROPERTYMaintenanceExpTypeResult.m in Sources */ = {isa = PBXBuildFile; fileRef = DBCBA2C0207947CE000118B7 /* PROPERTYMaintenanceExpTypeResult.m */; };
		DBCBA300207947D6000118B7 /* PROPERTYPropertyInput.m in Sources */ = {isa = PBXBuildFile; fileRef = DBCBA2C1207947CE000118B7 /* PROPERTYPropertyInput.m */; };
		DBCBA301207947D6000118B7 /* PROPERTYTenantOutput.m in Sources */ = {isa = PBXBuildFile; fileRef = DBCBA2C2207947CF000118B7 /* PROPERTYTenantOutput.m */; };
		DBCBA302207947D6000118B7 /* PROPERTYPropertyOutput.m in Sources */ = {isa = PBXBuildFile; fileRef = DBCBA2C7207947D0000118B7 /* PROPERTYPropertyOutput.m */; };
		DBCBA303207947D6000118B7 /* PROPERTYPropertyMaintExpInput.m in Sources */ = {isa = PBXBuildFile; fileRef = DBCBA2C8207947D0000118B7 /* PROPERTYPropertyMaintExpInput.m */; };
		DBCBA304207947D6000118B7 /* PROPERTYPropertyMortgageLoanOutput_property_mortgage_loan_item.m in Sources */ = {isa = PBXBuildFile; fileRef = DBCBA2C9207947D0000118B7 /* PROPERTYPropertyMortgageLoanOutput_property_mortgage_loan_item.m */; };
		DBCBA305207947D6000118B7 /* PROPERTYTenantIncomeInput.m in Sources */ = {isa = PBXBuildFile; fileRef = DBCBA2CD207947D1000118B7 /* PROPERTYTenantIncomeInput.m */; };
		DBCBA306207947D6000118B7 /* PROPERTYTenantRefOutput_tenant_references_item.m in Sources */ = {isa = PBXBuildFile; fileRef = DBCBA2CE207947D1000118B7 /* PROPERTYTenantRefOutput_tenant_references_item.m */; };
		DBCBA307207947D6000118B7 /* PROPERTYPropertyTaxOutput_property_tax_item.m in Sources */ = {isa = PBXBuildFile; fileRef = DBCBA2CF207947D1000118B7 /* PROPERTYPropertyTaxOutput_property_tax_item.m */; };
		DBCBA308207947D6000118B7 /* PROPERTYPurchaseDetailsOutput.m in Sources */ = {isa = PBXBuildFile; fileRef = DBCBA2D1207947D1000118B7 /* PROPERTYPurchaseDetailsOutput.m */; };
		DBCBA309207947D6000118B7 /* PROPERTYPropertyOwnerOutput_property_owner_item.m in Sources */ = {isa = PBXBuildFile; fileRef = DBCBA2D2207947D1000118B7 /* PROPERTYPropertyOwnerOutput_property_owner_item.m */; };
		DBCBA30A207947D6000118B7 /* PROPERTYPropertyMaintExpOutput.m in Sources */ = {isa = PBXBuildFile; fileRef = DBCBA2D4207947D2000118B7 /* PROPERTYPropertyMaintExpOutput.m */; };
		DBCBA30B207947D6000118B7 /* PROPERTYPurchaseDetailsOutput_purchase_details_item.m in Sources */ = {isa = PBXBuildFile; fileRef = DBCBA2D7207947D3000118B7 /* PROPERTYPurchaseDetailsOutput_purchase_details_item.m */; };
		DBCBA30C207947D6000118B7 /* PROPERTYTenantBackgroundOutput_tenant_background_check_item.m in Sources */ = {isa = PBXBuildFile; fileRef = DBCBA2D9207947D3000118B7 /* PROPERTYTenantBackgroundOutput_tenant_background_check_item.m */; };
		DBCBA30D207947D6000118B7 /* PROPERTYTenantBackgroundOutput.m in Sources */ = {isa = PBXBuildFile; fileRef = DBCBA2DA207947D3000118B7 /* PROPERTYTenantBackgroundOutput.m */; };
		DBCBA30E207947D6000118B7 /* PROPERTYPropertyGeneralExpOutput.m in Sources */ = {isa = PBXBuildFile; fileRef = DBCBA2DD207947D4000118B7 /* PROPERTYPropertyGeneralExpOutput.m */; };
		DBCBA30F207947D6000118B7 /* PROPERTYPropertyMortgageLoanInput.m in Sources */ = {isa = PBXBuildFile; fileRef = DBCBA2DE207947D4000118B7 /* PROPERTYPropertyMortgageLoanInput.m */; };
		DBCBA310207947D6000118B7 /* PROPERTYPropertyMaintExpOutput_property_maintenance_expenses_item.m in Sources */ = {isa = PBXBuildFile; fileRef = DBCBA2DF207947D4000118B7 /* PROPERTYPropertyMaintExpOutput_property_maintenance_expenses_item.m */; };
		DBCBA311207947D6000118B7 /* PROPERTYTenantOccupationInput.m in Sources */ = {isa = PBXBuildFile; fileRef = DBCBA2E1207947D4000118B7 /* PROPERTYTenantOccupationInput.m */; };
		DBCBA312207947D6000118B7 /* PROPERTYTenantOccupationOutput.m in Sources */ = {isa = PBXBuildFile; fileRef = DBCBA2E2207947D5000118B7 /* PROPERTYTenantOccupationOutput.m */; };
		DBCBA313207947D6000118B7 /* PROPERTYRentalAgreementOutput.m in Sources */ = {isa = PBXBuildFile; fileRef = DBCBA2E4207947D5000118B7 /* PROPERTYRentalAgreementOutput.m */; };
		DBCBA314207947D6000118B7 /* PROPERTYPropertyMangementClient.m in Sources */ = {isa = PBXBuildFile; fileRef = DBCBA2E6207947D5000118B7 /* PROPERTYPropertyMangementClient.m */; };
		DBCBA315207947D6000118B7 /* PROPERTYPropertyGeneralExpOutput_property_general_expenses_item.m in Sources */ = {isa = PBXBuildFile; fileRef = DBCBA2E7207947D5000118B7 /* PROPERTYPropertyGeneralExpOutput_property_general_expenses_item.m */; };
		DBCBA316207947D6000118B7 /* PROPERTYRentalAgreementInput.m in Sources */ = {isa = PBXBuildFile; fileRef = DBCBA2E9207947D6000118B7 /* PROPERTYRentalAgreementInput.m */; };
/* End PBXBuildFile section */

/* Begin PBXFileReference section */
		3B38D5D0F4F36D894E37F68A /* Pods-app_LandlordMobile.release.xcconfig */ = {isa = PBXFileReference; includeInIndex = 1; lastKnownFileType = text.xcconfig; name = "Pods-app_LandlordMobile.release.xcconfig"; path = "Pods/Target Support Files/Pods-app_LandlordMobile/Pods-app_LandlordMobile.release.xcconfig"; sourceTree = "<group>"; };
		93FF748376BCFE0AE299D8AE /* Pods_app_LandlordMobile.framework */ = {isa = PBXFileReference; explicitFileType = wrapper.framework; includeInIndex = 0; path = Pods_app_LandlordMobile.framework; sourceTree = BUILT_PRODUCTS_DIR; };
		BD48BF333CE33F3C36B4C0E1 /* Pods-app_LandlordMobile.debug.xcconfig */ = {isa = PBXFileReference; includeInIndex = 1; lastKnownFileType = text.xcconfig; name = "Pods-app_LandlordMobile.debug.xcconfig"; path = "Pods/Target Support Files/Pods-app_LandlordMobile/Pods-app_LandlordMobile.debug.xcconfig"; sourceTree = "<group>"; };
		DB6C84B720740C4900A555B2 /* app_LandlordMobile.app */ = {isa = PBXFileReference; explicitFileType = wrapper.application; includeInIndex = 0; path = app_LandlordMobile.app; sourceTree = BUILT_PRODUCTS_DIR; };
		DB6C84BA20740C4900A555B2 /* AppDelegate.h */ = {isa = PBXFileReference; lastKnownFileType = sourcecode.c.h; path = AppDelegate.h; sourceTree = "<group>"; };
		DB6C84BB20740C4900A555B2 /* AppDelegate.m */ = {isa = PBXFileReference; lastKnownFileType = sourcecode.c.objc; path = AppDelegate.m; sourceTree = "<group>"; };
		DB6C84BD20740C4900A555B2 /* ViewController.h */ = {isa = PBXFileReference; lastKnownFileType = sourcecode.c.h; path = ViewController.h; sourceTree = "<group>"; };
		DB6C84BE20740C4900A555B2 /* ViewController.m */ = {isa = PBXFileReference; lastKnownFileType = sourcecode.c.objc; path = ViewController.m; sourceTree = "<group>"; };
		DB6C84C120740C4900A555B2 /* Base */ = {isa = PBXFileReference; lastKnownFileType = file.storyboard; name = Base; path = Base.lproj/Main.storyboard; sourceTree = "<group>"; };
		DB6C84C320740C4900A555B2 /* Assets.xcassets */ = {isa = PBXFileReference; lastKnownFileType = folder.assetcatalog; path = Assets.xcassets; sourceTree = "<group>"; };
		DB6C84C620740C4900A555B2 /* Base */ = {isa = PBXFileReference; lastKnownFileType = file.storyboard; name = Base; path = Base.lproj/LaunchScreen.storyboard; sourceTree = "<group>"; };
		DB6C84C820740C4900A555B2 /* Info.plist */ = {isa = PBXFileReference; lastKnownFileType = text.plist.xml; path = Info.plist; sourceTree = "<group>"; };
		DB6C84C920740C4900A555B2 /* main.m */ = {isa = PBXFileReference; lastKnownFileType = sourcecode.c.objc; path = main.m; sourceTree = "<group>"; };
		DB6C84D020740CA100A555B2 /* Podfile */ = {isa = PBXFileReference; fileEncoding = 4; lastKnownFileType = text; path = Podfile; sourceTree = "<group>"; };
		DBCBA290207947C7000118B7 /* PROPERTYMaintenanceExpTypeOutput.h */ = {isa = PBXFileReference; fileEncoding = 4; lastKnownFileType = sourcecode.c.h; path = PROPERTYMaintenanceExpTypeOutput.h; sourceTree = "<group>"; };
		DBCBA291207947C8000118B7 /* PROPERTYPurchaseDetailsOutput_purchase_details_item.h */ = {isa = PBXFileReference; fileEncoding = 4; lastKnownFileType = sourcecode.c.h; path = PROPERTYPurchaseDetailsOutput_purchase_details_item.h; sourceTree = "<group>"; };
		DBCBA292207947C8000118B7 /* PROPERTYPropertyMaintExpOutput.h */ = {isa = PBXFileReference; fileEncoding = 4; lastKnownFileType = sourcecode.c.h; path = PROPERTYPropertyMaintExpOutput.h; sourceTree = "<group>"; };
		DBCBA293207947C8000118B7 /* PROPERTYTenantOutput_tenants_item.h */ = {isa = PBXFileReference; fileEncoding = 4; lastKnownFileType = sourcecode.c.h; path = PROPERTYTenantOutput_tenants_item.h; sourceTree = "<group>"; };
		DBCBA294207947C8000118B7 /* PROPERTYEmpty.m */ = {isa = PBXFileReference; fileEncoding = 4; lastKnownFileType = sourcecode.c.objc; path = PROPERTYEmpty.m; sourceTree = "<group>"; };
		DBCBA295207947C8000118B7 /* PROPERTYPropertyMaintExpOutput_property_maintenance_expenses_item.h */ = {isa = PBXFileReference; fileEncoding = 4; lastKnownFileType = sourcecode.c.h; path = PROPERTYPropertyMaintExpOutput_property_maintenance_expenses_item.h; sourceTree = "<group>"; };
		DBCBA296207947C8000118B7 /* PROPERTYTenantIncomeOutput_tenant_income_expense_item.m */ = {isa = PBXFileReference; fileEncoding = 4; lastKnownFileType = sourcecode.c.objc; path = PROPERTYTenantIncomeOutput_tenant_income_expense_item.m; sourceTree = "<group>"; };
		DBCBA297207947C8000118B7 /* PROPERTYTenantIncomeOutput.h */ = {isa = PBXFileReference; fileEncoding = 4; lastKnownFileType = sourcecode.c.h; path = PROPERTYTenantIncomeOutput.h; sourceTree = "<group>"; };
		DBCBA298207947C8000118B7 /* PROPERTYTenantRefOutput.m */ = {isa = PBXFileReference; fileEncoding = 4; lastKnownFileType = sourcecode.c.objc; path = PROPERTYTenantRefOutput.m; sourceTree = "<group>"; };
		DBCBA299207947C8000118B7 /* PROPERTYPropertyMangementClient.h */ = {isa = PBXFileReference; fileEncoding = 4; lastKnownFileType = sourcecode.c.h; path = PROPERTYPropertyMangementClient.h; sourceTree = "<group>"; };
		DBCBA29A207947C9000118B7 /* PROPERTYTenantOutput_tenants_item.m */ = {isa = PBXFileReference; fileEncoding = 4; lastKnownFileType = sourcecode.c.objc; path = PROPERTYTenantOutput_tenants_item.m; sourceTree = "<group>"; };
		DBCBA29B207947C9000118B7 /* PROPERTYPropertyMortgageLoanOutput.m */ = {isa = PBXFileReference; fileEncoding = 4; lastKnownFileType = sourcecode.c.objc; path = PROPERTYPropertyMortgageLoanOutput.m; sourceTree = "<group>"; };
		DBCBA29C207947C9000118B7 /* PROPERTYPropertyOutput_properties_item.m */ = {isa = PBXFileReference; fileEncoding = 4; lastKnownFileType = sourcecode.c.objc; path = PROPERTYPropertyOutput_properties_item.m; sourceTree = "<group>"; };
		DBCBA29D207947C9000118B7 /* PROPERTYPropertyOwnerOutput.m */ = {isa = PBXFileReference; fileEncoding = 4; lastKnownFileType = sourcecode.c.objc; path = PROPERTYPropertyOwnerOutput.m; sourceTree = "<group>"; };
		DBCBA29E207947C9000118B7 /* PROPERTYEmpty.h */ = {isa = PBXFileReference; fileEncoding = 4; lastKnownFileType = sourcecode.c.h; path = PROPERTYEmpty.h; sourceTree = "<group>"; };
		DBCBA29F207947C9000118B7 /* PROPERTYTenantBackgroundOutput_tenant_background_check_item.h */ = {isa = PBXFileReference; fileEncoding = 4; lastKnownFileType = sourcecode.c.h; path = PROPERTYTenantBackgroundOutput_tenant_background_check_item.h; sourceTree = "<group>"; };
		DBCBA2A0207947C9000118B7 /* PROPERTYTenantRefOutput_tenant_references_item.h */ = {isa = PBXFileReference; fileEncoding = 4; lastKnownFileType = sourcecode.c.h; path = PROPERTYTenantRefOutput_tenant_references_item.h; sourceTree = "<group>"; };
		DBCBA2A1207947C9000118B7 /* PROPERTYTenantBackgroundInput.m */ = {isa = PBXFileReference; fileEncoding = 4; lastKnownFileType = sourcecode.c.objc; path = PROPERTYTenantBackgroundInput.m; sourceTree = "<group>"; };
		DBCBA2A2207947C9000118B7 /* PROPERTYPurchaseDetailsInput.m */ = {isa = PBXFileReference; fileEncoding = 4; lastKnownFileType = sourcecode.c.objc; path = PROPERTYPurchaseDetailsInput.m; sourceTree = "<group>"; };
		DBCBA2A3207947CA000118B7 /* PROPERTYPropertyMaintExpInput.h */ = {isa = PBXFileReference; fileEncoding = 4; lastKnownFileType = sourcecode.c.h; path = PROPERTYPropertyMaintExpInput.h; sourceTree = "<group>"; };
		DBCBA2A4207947CA000118B7 /* PROPERTYPropertyGeneralExpInput.m */ = {isa = PBXFileReference; fileEncoding = 4; lastKnownFileType = sourcecode.c.objc; path = PROPERTYPropertyGeneralExpInput.m; sourceTree = "<group>"; };
		DBCBA2A5207947CA000118B7 /* PROPERTYTenantIncomeInput.h */ = {isa = PBXFileReference; fileEncoding = 4; lastKnownFileType = sourcecode.c.h; path = PROPERTYTenantIncomeInput.h; sourceTree = "<group>"; };
		DBCBA2A6207947CA000118B7 /* PROPERTYTenantInput.h */ = {isa = PBXFileReference; fileEncoding = 4; lastKnownFileType = sourcecode.c.h; path = PROPERTYTenantInput.h; sourceTree = "<group>"; };
		DBCBA2A7207947CA000118B7 /* PROPERTYMaintenanceExpTypeOutput_maintenance_expense_types_item.m */ = {isa = PBXFileReference; fileEncoding = 4; lastKnownFileType = sourcecode.c.objc; path = PROPERTYMaintenanceExpTypeOutput_maintenance_expense_types_item.m; sourceTree = "<group>"; };
		DBCBA2A8207947CA000118B7 /* PROPERTYTenantRefOutput.h */ = {isa = PBXFileReference; fileEncoding = 4; lastKnownFileType = sourcecode.c.h; path = PROPERTYTenantRefOutput.h; sourceTree = "<group>"; };
		DBCBA2A9207947CA000118B7 /* PROPERTYPropertyGeneralExpOutput.h */ = {isa = PBXFileReference; fileEncoding = 4; lastKnownFileType = sourcecode.c.h; path = PROPERTYPropertyGeneralExpOutput.h; sourceTree = "<group>"; };
		DBCBA2AA207947CB000118B7 /* PROPERTYTenantInput.m */ = {isa = PBXFileReference; fileEncoding = 4; lastKnownFileType = sourcecode.c.objc; path = PROPERTYTenantInput.m; sourceTree = "<group>"; };
		DBCBA2AB207947CB000118B7 /* PROPERTYTenantIncomeOutput.m */ = {isa = PBXFileReference; fileEncoding = 4; lastKnownFileType = sourcecode.c.objc; path = PROPERTYTenantIncomeOutput.m; sourceTree = "<group>"; };
		DBCBA2AC207947CB000118B7 /* PROPERTYPropertyOwnerInput.h */ = {isa = PBXFileReference; fileEncoding = 4; lastKnownFileType = sourcecode.c.h; path = PROPERTYPropertyOwnerInput.h; sourceTree = "<group>"; };
		DBCBA2AD207947CB000118B7 /* PROPERTYPropertyOutput.h */ = {isa = PBXFileReference; fileEncoding = 4; lastKnownFileType = sourcecode.c.h; path = PROPERTYPropertyOutput.h; sourceTree = "<group>"; };
		DBCBA2AE207947CB000118B7 /* PROPERTYPropertyInput.h */ = {isa = PBXFileReference; fileEncoding = 4; lastKnownFileType = sourcecode.c.h; path = PROPERTYPropertyInput.h; sourceTree = "<group>"; };
		DBCBA2AF207947CB000118B7 /* PROPERTYPropertyOwnerInput.m */ = {isa = PBXFileReference; fileEncoding = 4; lastKnownFileType = sourcecode.c.objc; path = PROPERTYPropertyOwnerInput.m; sourceTree = "<group>"; };
		DBCBA2B0207947CC000118B7 /* PROPERTYTenantOccupationOutput_tenant_occupation_item.h */ = {isa = PBXFileReference; fileEncoding = 4; lastKnownFileType = sourcecode.c.h; path = PROPERTYTenantOccupationOutput_tenant_occupation_item.h; sourceTree = "<group>"; };
		DBCBA2B1207947CC000118B7 /* PROPERTYTenantBackgroundInput.h */ = {isa = PBXFileReference; fileEncoding = 4; lastKnownFileType = sourcecode.c.h; path = PROPERTYTenantBackgroundInput.h; sourceTree = "<group>"; };
		DBCBA2B2207947CC000118B7 /* PROPERTYTenantRefInput.m */ = {isa = PBXFileReference; fileEncoding = 4; lastKnownFileType = sourcecode.c.objc; path = PROPERTYTenantRefInput.m; sourceTree = "<group>"; };
		DBCBA2B3207947CC000118B7 /* PROPERTYMaintenanceExpTypeInput.m */ = {isa = PBXFileReference; fileEncoding = 4; lastKnownFileType = sourcecode.c.objc; path = PROPERTYMaintenanceExpTypeInput.m; sourceTree = "<group>"; };
		DBCBA2B4207947CC000118B7 /* PROPERTYMaintenanceExpTypeOutput.m */ = {isa = PBXFileReference; fileEncoding = 4; lastKnownFileType = sourcecode.c.objc; path = PROPERTYMaintenanceExpTypeOutput.m; sourceTree = "<group>"; };
		DBCBA2B5207947CC000118B7 /* PROPERTYRentalAgreementOutput_rental_agreement_item.m */ = {isa = PBXFileReference; fileEncoding = 4; lastKnownFileType = sourcecode.c.objc; path = PROPERTYRentalAgreementOutput_rental_agreement_item.m; sourceTree = "<group>"; };
		DBCBA2B6207947CC000118B7 /* PROPERTYPropertyOwnerOutput.h */ = {isa = PBXFileReference; fileEncoding = 4; lastKnownFileType = sourcecode.c.h; path = PROPERTYPropertyOwnerOutput.h; sourceTree = "<group>"; };
		DBCBA2B7207947CD000118B7 /* PROPERTYPropertyGeneralExpInput.h */ = {isa = PBXFileReference; fileEncoding = 4; lastKnownFileType = sourcecode.c.h; path = PROPERTYPropertyGeneralExpInput.h; sourceTree = "<group>"; };
		DBCBA2B8207947CD000118B7 /* PROPERTYTenantOccupationOutput.h */ = {isa = PBXFileReference; fileEncoding = 4; lastKnownFileType = sourcecode.c.h; path = PROPERTYTenantOccupationOutput.h; sourceTree = "<group>"; };
		DBCBA2B9207947CD000118B7 /* PROPERTYPropertyOwnerOutput_property_owner_item.h */ = {isa = PBXFileReference; fileEncoding = 4; lastKnownFileType = sourcecode.c.h; path = PROPERTYPropertyOwnerOutput_property_owner_item.h; sourceTree = "<group>"; };
		DBCBA2BA207947CD000118B7 /* PROPERTYPropertyTaxOutput.m */ = {isa = PBXFileReference; fileEncoding = 4; lastKnownFileType = sourcecode.c.objc; path = PROPERTYPropertyTaxOutput.m; sourceTree = "<group>"; };
		DBCBA2BB207947CE000118B7 /* PROPERTYPropertyTaxInput.h */ = {isa = PBXFileReference; fileEncoding = 4; lastKnownFileType = sourcecode.c.h; path = PROPERTYPropertyTaxInput.h; sourceTree = "<group>"; };
		DBCBA2BC207947CE000118B7 /* PROPERTYPropertyTaxInput.m */ = {isa = PBXFileReference; fileEncoding = 4; lastKnownFileType = sourcecode.c.objc; path = PROPERTYPropertyTaxInput.m; sourceTree = "<group>"; };
		DBCBA2BD207947CE000118B7 /* PROPERTYPropertyMortgageLoanOutput_property_mortgage_loan_item.h */ = {isa = PBXFileReference; fileEncoding = 4; lastKnownFileType = sourcecode.c.h; path = PROPERTYPropertyMortgageLoanOutput_property_mortgage_loan_item.h; sourceTree = "<group>"; };
		DBCBA2BE207947CE000118B7 /* PROPERTYTenantIncomeOutput_tenant_income_expense_item.h */ = {isa = PBXFileReference; fileEncoding = 4; lastKnownFileType = sourcecode.c.h; path = PROPERTYTenantIncomeOutput_tenant_income_expense_item.h; sourceTree = "<group>"; };
		DBCBA2BF207947CE000118B7 /* PROPERTYTenantOccupationOutput_tenant_occupation_item.m */ = {isa = PBXFileReference; fileEncoding = 4; lastKnownFileType = sourcecode.c.objc; path = PROPERTYTenantOccupationOutput_tenant_occupation_item.m; sourceTree = "<group>"; };
		DBCBA2C0207947CE000118B7 /* PROPERTYMaintenanceExpTypeResult.m */ = {isa = PBXFileReference; fileEncoding = 4; lastKnownFileType = sourcecode.c.objc; path = PROPERTYMaintenanceExpTypeResult.m; sourceTree = "<group>"; };
		DBCBA2C1207947CE000118B7 /* PROPERTYPropertyInput.m */ = {isa = PBXFileReference; fileEncoding = 4; lastKnownFileType = sourcecode.c.objc; path = PROPERTYPropertyInput.m; sourceTree = "<group>"; };
		DBCBA2C2207947CF000118B7 /* PROPERTYTenantOutput.m */ = {isa = PBXFileReference; fileEncoding = 4; lastKnownFileType = sourcecode.c.objc; path = PROPERTYTenantOutput.m; sourceTree = "<group>"; };
		DBCBA2C3207947CF000118B7 /* PROPERTYPropertyTaxOutput_property_tax_item.h */ = {isa = PBXFileReference; fileEncoding = 4; lastKnownFileType = sourcecode.c.h; path = PROPERTYPropertyTaxOutput_property_tax_item.h; sourceTree = "<group>"; };
		DBCBA2C4207947CF000118B7 /* PROPERTYPurchaseDetailsOutput.h */ = {isa = PBXFileReference; fileEncoding = 4; lastKnownFileType = sourcecode.c.h; path = PROPERTYPurchaseDetailsOutput.h; sourceTree = "<group>"; };
		DBCBA2C5207947CF000118B7 /* PROPERTYTenantRefInput.h */ = {isa = PBXFileReference; fileEncoding = 4; lastKnownFileType = sourcecode.c.h; path = PROPERTYTenantRefInput.h; sourceTree = "<group>"; };
		DBCBA2C6207947CF000118B7 /* PROPERTYRentalAgreementOutput.h */ = {isa = PBXFileReference; fileEncoding = 4; lastKnownFileType = sourcecode.c.h; path = PROPERTYRentalAgreementOutput.h; sourceTree = "<group>"; };
		DBCBA2C7207947D0000118B7 /* PROPERTYPropertyOutput.m */ = {isa = PBXFileReference; fileEncoding = 4; lastKnownFileType = sourcecode.c.objc; path = PROPERTYPropertyOutput.m; sourceTree = "<group>"; };
		DBCBA2C8207947D0000118B7 /* PROPERTYPropertyMaintExpInput.m */ = {isa = PBXFileReference; fileEncoding = 4; lastKnownFileType = sourcecode.c.objc; path = PROPERTYPropertyMaintExpInput.m; sourceTree = "<group>"; };
		DBCBA2C9207947D0000118B7 /* PROPERTYPropertyMortgageLoanOutput_property_mortgage_loan_item.m */ = {isa = PBXFileReference; fileEncoding = 4; lastKnownFileType = sourcecode.c.objc; path = PROPERTYPropertyMortgageLoanOutput_property_mortgage_loan_item.m; sourceTree = "<group>"; };
		DBCBA2CA207947D0000118B7 /* PROPERTYTenantBackgroundOutput.h */ = {isa = PBXFileReference; fileEncoding = 4; lastKnownFileType = sourcecode.c.h; path = PROPERTYTenantBackgroundOutput.h; sourceTree = "<group>"; };
		DBCBA2CB207947D0000118B7 /* PROPERTYTenantOutput.h */ = {isa = PBXFileReference; fileEncoding = 4; lastKnownFileType = sourcecode.c.h; path = PROPERTYTenantOutput.h; sourceTree = "<group>"; };
		DBCBA2CC207947D0000118B7 /* PROPERTYRentalAgreementOutput_rental_agreement_item.h */ = {isa = PBXFileReference; fileEncoding = 4; lastKnownFileType = sourcecode.c.h; path = PROPERTYRentalAgreementOutput_rental_agreement_item.h; sourceTree = "<group>"; };
		DBCBA2CD207947D1000118B7 /* PROPERTYTenantIncomeInput.m */ = {isa = PBXFileReference; fileEncoding = 4; lastKnownFileType = sourcecode.c.objc; path = PROPERTYTenantIncomeInput.m; sourceTree = "<group>"; };
		DBCBA2CE207947D1000118B7 /* PROPERTYTenantRefOutput_tenant_references_item.m */ = {isa = PBXFileReference; fileEncoding = 4; lastKnownFileType = sourcecode.c.objc; path = PROPERTYTenantRefOutput_tenant_references_item.m; sourceTree = "<group>"; };
		DBCBA2CF207947D1000118B7 /* PROPERTYPropertyTaxOutput_property_tax_item.m */ = {isa = PBXFileReference; fileEncoding = 4; lastKnownFileType = sourcecode.c.objc; path = PROPERTYPropertyTaxOutput_property_tax_item.m; sourceTree = "<group>"; };
		DBCBA2D0207947D1000118B7 /* PROPERTYPropertyOutput_properties_item.h */ = {isa = PBXFileReference; fileEncoding = 4; lastKnownFileType = sourcecode.c.h; path = PROPERTYPropertyOutput_properties_item.h; sourceTree = "<group>"; };
		DBCBA2D1207947D1000118B7 /* PROPERTYPurchaseDetailsOutput.m */ = {isa = PBXFileReference; fileEncoding = 4; lastKnownFileType = sourcecode.c.objc; path = PROPERTYPurchaseDetailsOutput.m; sourceTree = "<group>"; };
		DBCBA2D2207947D1000118B7 /* PROPERTYPropertyOwnerOutput_property_owner_item.m */ = {isa = PBXFileReference; fileEncoding = 4; lastKnownFileType = sourcecode.c.objc; path = PROPERTYPropertyOwnerOutput_property_owner_item.m; sourceTree = "<group>"; };
		DBCBA2D3207947D2000118B7 /* PROPERTYMaintenanceExpTypeOutput_maintenance_expense_types_item.h */ = {isa = PBXFileReference; fileEncoding = 4; lastKnownFileType = sourcecode.c.h; path = PROPERTYMaintenanceExpTypeOutput_maintenance_expense_types_item.h; sourceTree = "<group>"; };
		DBCBA2D4207947D2000118B7 /* PROPERTYPropertyMaintExpOutput.m */ = {isa = PBXFileReference; fileEncoding = 4; lastKnownFileType = sourcecode.c.objc; path = PROPERTYPropertyMaintExpOutput.m; sourceTree = "<group>"; };
		DBCBA2D5207947D2000118B7 /* PROPERTYPurchaseDetailsInput.h */ = {isa = PBXFileReference; fileEncoding = 4; lastKnownFileType = sourcecode.c.h; path = PROPERTYPurchaseDetailsInput.h; sourceTree = "<group>"; };
		DBCBA2D6207947D2000118B7 /* PROPERTYPropertyMortgageLoanInput.h */ = {isa = PBXFileReference; fileEncoding = 4; lastKnownFileType = sourcecode.c.h; path = PROPERTYPropertyMortgageLoanInput.h; sourceTree = "<group>"; };
		DBCBA2D7207947D3000118B7 /* PROPERTYPurchaseDetailsOutput_purchase_details_item.m */ = {isa = PBXFileReference; fileEncoding = 4; lastKnownFileType = sourcecode.c.objc; path = PROPERTYPurchaseDetailsOutput_purchase_details_item.m; sourceTree = "<group>"; };
		DBCBA2D8207947D3000118B7 /* PROPERTYRentalAgreementInput.h */ = {isa = PBXFileReference; fileEncoding = 4; lastKnownFileType = sourcecode.c.h; path = PROPERTYRentalAgreementInput.h; sourceTree = "<group>"; };
		DBCBA2D9207947D3000118B7 /* PROPERTYTenantBackgroundOutput_tenant_background_check_item.m */ = {isa = PBXFileReference; fileEncoding = 4; lastKnownFileType = sourcecode.c.objc; path = PROPERTYTenantBackgroundOutput_tenant_background_check_item.m; sourceTree = "<group>"; };
		DBCBA2DA207947D3000118B7 /* PROPERTYTenantBackgroundOutput.m */ = {isa = PBXFileReference; fileEncoding = 4; lastKnownFileType = sourcecode.c.objc; path = PROPERTYTenantBackgroundOutput.m; sourceTree = "<group>"; };
		DBCBA2DB207947D3000118B7 /* PROPERTYPropertyGeneralExpOutput_property_general_expenses_item.h */ = {isa = PBXFileReference; fileEncoding = 4; lastKnownFileType = sourcecode.c.h; path = PROPERTYPropertyGeneralExpOutput_property_general_expenses_item.h; sourceTree = "<group>"; };
		DBCBA2DC207947D4000118B7 /* PROPERTYMaintenanceExpTypeInput.h */ = {isa = PBXFileReference; fileEncoding = 4; lastKnownFileType = sourcecode.c.h; path = PROPERTYMaintenanceExpTypeInput.h; sourceTree = "<group>"; };
		DBCBA2DD207947D4000118B7 /* PROPERTYPropertyGeneralExpOutput.m */ = {isa = PBXFileReference; fileEncoding = 4; lastKnownFileType = sourcecode.c.objc; path = PROPERTYPropertyGeneralExpOutput.m; sourceTree = "<group>"; };
		DBCBA2DE207947D4000118B7 /* PROPERTYPropertyMortgageLoanInput.m */ = {isa = PBXFileReference; fileEncoding = 4; lastKnownFileType = sourcecode.c.objc; path = PROPERTYPropertyMortgageLoanInput.m; sourceTree = "<group>"; };
		DBCBA2DF207947D4000118B7 /* PROPERTYPropertyMaintExpOutput_property_maintenance_expenses_item.m */ = {isa = PBXFileReference; fileEncoding = 4; lastKnownFileType = sourcecode.c.objc; path = PROPERTYPropertyMaintExpOutput_property_maintenance_expenses_item.m; sourceTree = "<group>"; };
		DBCBA2E0207947D4000118B7 /* PROPERTYPropertyTaxOutput.h */ = {isa = PBXFileReference; fileEncoding = 4; lastKnownFileType = sourcecode.c.h; path = PROPERTYPropertyTaxOutput.h; sourceTree = "<group>"; };
		DBCBA2E1207947D4000118B7 /* PROPERTYTenantOccupationInput.m */ = {isa = PBXFileReference; fileEncoding = 4; lastKnownFileType = sourcecode.c.objc; path = PROPERTYTenantOccupationInput.m; sourceTree = "<group>"; };
		DBCBA2E2207947D5000118B7 /* PROPERTYTenantOccupationOutput.m */ = {isa = PBXFileReference; fileEncoding = 4; lastKnownFileType = sourcecode.c.objc; path = PROPERTYTenantOccupationOutput.m; sourceTree = "<group>"; };
		DBCBA2E3207947D5000118B7 /* PROPERTYTenantOccupationInput.h */ = {isa = PBXFileReference; fileEncoding = 4; lastKnownFileType = sourcecode.c.h; path = PROPERTYTenantOccupationInput.h; sourceTree = "<group>"; };
		DBCBA2E4207947D5000118B7 /* PROPERTYRentalAgreementOutput.m */ = {isa = PBXFileReference; fileEncoding = 4; lastKnownFileType = sourcecode.c.objc; path = PROPERTYRentalAgreementOutput.m; sourceTree = "<group>"; };
		DBCBA2E5207947D5000118B7 /* PROPERTYMaintenanceExpTypeResult.h */ = {isa = PBXFileReference; fileEncoding = 4; lastKnownFileType = sourcecode.c.h; path = PROPERTYMaintenanceExpTypeResult.h; sourceTree = "<group>"; };
		DBCBA2E6207947D5000118B7 /* PROPERTYPropertyMangementClient.m */ = {isa = PBXFileReference; fileEncoding = 4; lastKnownFileType = sourcecode.c.objc; path = PROPERTYPropertyMangementClient.m; sourceTree = "<group>"; };
		DBCBA2E7207947D5000118B7 /* PROPERTYPropertyGeneralExpOutput_property_general_expenses_item.m */ = {isa = PBXFileReference; fileEncoding = 4; lastKnownFileType = sourcecode.c.objc; path = PROPERTYPropertyGeneralExpOutput_property_general_expenses_item.m; sourceTree = "<group>"; };
		DBCBA2E8207947D6000118B7 /* PROPERTYPropertyMortgageLoanOutput.h */ = {isa = PBXFileReference; fileEncoding = 4; lastKnownFileType = sourcecode.c.h; path = PROPERTYPropertyMortgageLoanOutput.h; sourceTree = "<group>"; };
		DBCBA2E9207947D6000118B7 /* PROPERTYRentalAgreementInput.m */ = {isa = PBXFileReference; fileEncoding = 4; lastKnownFileType = sourcecode.c.objc; path = PROPERTYRentalAgreementInput.m; sourceTree = "<group>"; };
/* End PBXFileReference section */

/* Begin PBXFrameworksBuildPhase section */
		DB6C84B420740C4900A555B2 /* Frameworks */ = {
			isa = PBXFrameworksBuildPhase;
			buildActionMask = 2147483647;
			files = (
				9733F3B0E912D617F8328FD1 /* Pods_app_LandlordMobile.framework in Frameworks */,
			);
			runOnlyForDeploymentPostprocessing = 0;
		};
/* End PBXFrameworksBuildPhase section */

/* Begin PBXGroup section */
		5F2CAFDECAA70987D5157F05 /* Frameworks */ = {
			isa = PBXGroup;
			children = (
				93FF748376BCFE0AE299D8AE /* Pods_app_LandlordMobile.framework */,
			);
			name = Frameworks;
			sourceTree = "<group>";
		};
		A91CA88862FD45BFE938C576 /* Pods */ = {
			isa = PBXGroup;
			children = (
				BD48BF333CE33F3C36B4C0E1 /* Pods-app_LandlordMobile.debug.xcconfig */,
				3B38D5D0F4F36D894E37F68A /* Pods-app_LandlordMobile.release.xcconfig */,
			);
			name = Pods;
			sourceTree = "<group>";
		};
		DB6C84AE20740C4800A555B2 = {
			isa = PBXGroup;
			children = (
				DB6C84D020740CA100A555B2 /* Podfile */,
				DB6C84B920740C4900A555B2 /* app_LandlordMobile */,
				DB6C84B820740C4900A555B2 /* Products */,
				A91CA88862FD45BFE938C576 /* Pods */,
				5F2CAFDECAA70987D5157F05 /* Frameworks */,
			);
			sourceTree = "<group>";
		};
		DB6C84B820740C4900A555B2 /* Products */ = {
			isa = PBXGroup;
			children = (
				DB6C84B720740C4900A555B2 /* app_LandlordMobile.app */,
			);
			name = Products;
			sourceTree = "<group>";
		};
		DB6C84B920740C4900A555B2 /* app_LandlordMobile */ = {
			isa = PBXGroup;
			children = (
				DBCBA29E207947C9000118B7 /* PROPERTYEmpty.h */,
				DBCBA294207947C8000118B7 /* PROPERTYEmpty.m */,
				DBCBA2DC207947D4000118B7 /* PROPERTYMaintenanceExpTypeInput.h */,
				DBCBA2B3207947CC000118B7 /* PROPERTYMaintenanceExpTypeInput.m */,
				DBCBA2D3207947D2000118B7 /* PROPERTYMaintenanceExpTypeOutput_maintenance_expense_types_item.h */,
				DBCBA2A7207947CA000118B7 /* PROPERTYMaintenanceExpTypeOutput_maintenance_expense_types_item.m */,
				DBCBA290207947C7000118B7 /* PROPERTYMaintenanceExpTypeOutput.h */,
				DBCBA2B4207947CC000118B7 /* PROPERTYMaintenanceExpTypeOutput.m */,
				DBCBA2E5207947D5000118B7 /* PROPERTYMaintenanceExpTypeResult.h */,
				DBCBA2C0207947CE000118B7 /* PROPERTYMaintenanceExpTypeResult.m */,
				DBCBA2B7207947CD000118B7 /* PROPERTYPropertyGeneralExpInput.h */,
				DBCBA2A4207947CA000118B7 /* PROPERTYPropertyGeneralExpInput.m */,
				DBCBA2DB207947D3000118B7 /* PROPERTYPropertyGeneralExpOutput_property_general_expenses_item.h */,
				DBCBA2E7207947D5000118B7 /* PROPERTYPropertyGeneralExpOutput_property_general_expenses_item.m */,
				DBCBA2A9207947CA000118B7 /* PROPERTYPropertyGeneralExpOutput.h */,
				DBCBA2DD207947D4000118B7 /* PROPERTYPropertyGeneralExpOutput.m */,
				DBCBA2AE207947CB000118B7 /* PROPERTYPropertyInput.h */,
				DBCBA2C1207947CE000118B7 /* PROPERTYPropertyInput.m */,
				DBCBA2A3207947CA000118B7 /* PROPERTYPropertyMaintExpInput.h */,
				DBCBA2C8207947D0000118B7 /* PROPERTYPropertyMaintExpInput.m */,
				DBCBA295207947C8000118B7 /* PROPERTYPropertyMaintExpOutput_property_maintenance_expenses_item.h */,
				DBCBA2DF207947D4000118B7 /* PROPERTYPropertyMaintExpOutput_property_maintenance_expenses_item.m */,
				DBCBA292207947C8000118B7 /* PROPERTYPropertyMaintExpOutput.h */,
				DBCBA2D4207947D2000118B7 /* PROPERTYPropertyMaintExpOutput.m */,
				DBCBA299207947C8000118B7 /* PROPERTYPropertyMangementClient.h */,
				DBCBA2E6207947D5000118B7 /* PROPERTYPropertyMangementClient.m */,
				DBCBA2D6207947D2000118B7 /* PROPERTYPropertyMortgageLoanInput.h */,
				DBCBA2DE207947D4000118B7 /* PROPERTYPropertyMortgageLoanInput.m */,
				DBCBA2BD207947CE000118B7 /* PROPERTYPropertyMortgageLoanOutput_property_mortgage_loan_item.h */,
				DBCBA2C9207947D0000118B7 /* PROPERTYPropertyMortgageLoanOutput_property_mortgage_loan_item.m */,
				DBCBA2E8207947D6000118B7 /* PROPERTYPropertyMortgageLoanOutput.h */,
				DBCBA29B207947C9000118B7 /* PROPERTYPropertyMortgageLoanOutput.m */,
				DBCBA2D0207947D1000118B7 /* PROPERTYPropertyOutput_properties_item.h */,
				DBCBA29C207947C9000118B7 /* PROPERTYPropertyOutput_properties_item.m */,
				DBCBA2AD207947CB000118B7 /* PROPERTYPropertyOutput.h */,
				DBCBA2C7207947D0000118B7 /* PROPERTYPropertyOutput.m */,
				DBCBA2AC207947CB000118B7 /* PROPERTYPropertyOwnerInput.h */,
				DBCBA2AF207947CB000118B7 /* PROPERTYPropertyOwnerInput.m */,
				DBCBA2B9207947CD000118B7 /* PROPERTYPropertyOwnerOutput_property_owner_item.h */,
				DBCBA2D2207947D1000118B7 /* PROPERTYPropertyOwnerOutput_property_owner_item.m */,
				DBCBA2B6207947CC000118B7 /* PROPERTYPropertyOwnerOutput.h */,
				DBCBA29D207947C9000118B7 /* PROPERTYPropertyOwnerOutput.m */,
				DBCBA2BB207947CE000118B7 /* PROPERTYPropertyTaxInput.h */,
				DBCBA2BC207947CE000118B7 /* PROPERTYPropertyTaxInput.m */,
				DBCBA2C3207947CF000118B7 /* PROPERTYPropertyTaxOutput_property_tax_item.h */,
				DBCBA2CF207947D1000118B7 /* PROPERTYPropertyTaxOutput_property_tax_item.m */,
				DBCBA2E0207947D4000118B7 /* PROPERTYPropertyTaxOutput.h */,
				DBCBA2BA207947CD000118B7 /* PROPERTYPropertyTaxOutput.m */,
				DBCBA2D5207947D2000118B7 /* PROPERTYPurchaseDetailsInput.h */,
				DBCBA2A2207947C9000118B7 /* PROPERTYPurchaseDetailsInput.m */,
				DBCBA291207947C8000118B7 /* PROPERTYPurchaseDetailsOutput_purchase_details_item.h */,
				DBCBA2D7207947D3000118B7 /* PROPERTYPurchaseDetailsOutput_purchase_details_item.m */,
				DBCBA2C4207947CF000118B7 /* PROPERTYPurchaseDetailsOutput.h */,
				DBCBA2D1207947D1000118B7 /* PROPERTYPurchaseDetailsOutput.m */,
				DBCBA2D8207947D3000118B7 /* PROPERTYRentalAgreementInput.h */,
				DBCBA2E9207947D6000118B7 /* PROPERTYRentalAgreementInput.m */,
				DBCBA2CC207947D0000118B7 /* PROPERTYRentalAgreementOutput_rental_agreement_item.h */,
				DBCBA2B5207947CC000118B7 /* PROPERTYRentalAgreementOutput_rental_agreement_item.m */,
				DBCBA2C6207947CF000118B7 /* PROPERTYRentalAgreementOutput.h */,
				DBCBA2E4207947D5000118B7 /* PROPERTYRentalAgreementOutput.m */,
				DBCBA2B1207947CC000118B7 /* PROPERTYTenantBackgroundInput.h */,
				DBCBA2A1207947C9000118B7 /* PROPERTYTenantBackgroundInput.m */,
				DBCBA29F207947C9000118B7 /* PROPERTYTenantBackgroundOutput_tenant_background_check_item.h */,
				DBCBA2D9207947D3000118B7 /* PROPERTYTenantBackgroundOutput_tenant_background_check_item.m */,
				DBCBA2CA207947D0000118B7 /* PROPERTYTenantBackgroundOutput.h */,
				DBCBA2DA207947D3000118B7 /* PROPERTYTenantBackgroundOutput.m */,
				DBCBA2A5207947CA000118B7 /* PROPERTYTenantIncomeInput.h */,
				DBCBA2CD207947D1000118B7 /* PROPERTYTenantIncomeInput.m */,
				DBCBA2BE207947CE000118B7 /* PROPERTYTenantIncomeOutput_tenant_income_expense_item.h */,
				DBCBA296207947C8000118B7 /* PROPERTYTenantIncomeOutput_tenant_income_expense_item.m */,
				DBCBA297207947C8000118B7 /* PROPERTYTenantIncomeOutput.h */,
				DBCBA2AB207947CB000118B7 /* PROPERTYTenantIncomeOutput.m */,
				DBCBA2A6207947CA000118B7 /* PROPERTYTenantInput.h */,
				DBCBA2AA207947CB000118B7 /* PROPERTYTenantInput.m */,
				DBCBA2E3207947D5000118B7 /* PROPERTYTenantOccupationInput.h */,
				DBCBA2E1207947D4000118B7 /* PROPERTYTenantOccupationInput.m */,
				DBCBA2B0207947CC000118B7 /* PROPERTYTenantOccupationOutput_tenant_occupation_item.h */,
				DBCBA2BF207947CE000118B7 /* PROPERTYTenantOccupationOutput_tenant_occupation_item.m */,
				DBCBA2B8207947CD000118B7 /* PROPERTYTenantOccupationOutput.h */,
				DBCBA2E2207947D5000118B7 /* PROPERTYTenantOccupationOutput.m */,
				DBCBA293207947C8000118B7 /* PROPERTYTenantOutput_tenants_item.h */,
				DBCBA29A207947C9000118B7 /* PROPERTYTenantOutput_tenants_item.m */,
				DBCBA2CB207947D0000118B7 /* PROPERTYTenantOutput.h */,
				DBCBA2C2207947CF000118B7 /* PROPERTYTenantOutput.m */,
				DBCBA2C5207947CF000118B7 /* PROPERTYTenantRefInput.h */,
				DBCBA2B2207947CC000118B7 /* PROPERTYTenantRefInput.m */,
				DBCBA2A0207947C9000118B7 /* PROPERTYTenantRefOutput_tenant_references_item.h */,
				DBCBA2CE207947D1000118B7 /* PROPERTYTenantRefOutput_tenant_references_item.m */,
				DBCBA2A8207947CA000118B7 /* PROPERTYTenantRefOutput.h */,
				DBCBA298207947C8000118B7 /* PROPERTYTenantRefOutput.m */,
				DB6C84BA20740C4900A555B2 /* AppDelegate.h */,
				DB6C84BB20740C4900A555B2 /* AppDelegate.m */,
				DB6C84BD20740C4900A555B2 /* ViewController.h */,
				DB6C84BE20740C4900A555B2 /* ViewController.m */,
				DB6C84C020740C4900A555B2 /* Main.storyboard */,
				DB6C84C320740C4900A555B2 /* Assets.xcassets */,
				DB6C84C520740C4900A555B2 /* LaunchScreen.storyboard */,
				DB6C84C820740C4900A555B2 /* Info.plist */,
				DB6C84C920740C4900A555B2 /* main.m */,
			);
			path = app_LandlordMobile;
			sourceTree = "<group>";
		};
/* End PBXGroup section */

/* Begin PBXNativeTarget section */
		DB6C84B620740C4900A555B2 /* app_LandlordMobile */ = {
			isa = PBXNativeTarget;
			buildConfigurationList = DB6C84CD20740C4900A555B2 /* Build configuration list for PBXNativeTarget "app_LandlordMobile" */;
			buildPhases = (
				A993F5064A61EDB3FBBD9D03 /* [CP] Check Pods Manifest.lock */,
				DB6C84B320740C4900A555B2 /* Sources */,
				DB6C84B420740C4900A555B2 /* Frameworks */,
				DB6C84B520740C4900A555B2 /* Resources */,
				02A4DBB998DCA9F21BFCA9F5 /* [CP] Embed Pods Frameworks */,
				BEF11A6E88180F13E4149DE9 /* [CP] Copy Pods Resources */,
			);
			buildRules = (
			);
			dependencies = (
			);
			name = app_LandlordMobile;
			productName = app_LandlordMobile;
			productReference = DB6C84B720740C4900A555B2 /* app_LandlordMobile.app */;
			productType = "com.apple.product-type.application";
		};
/* End PBXNativeTarget section */

/* Begin PBXProject section */
		DB6C84AF20740C4800A555B2 /* Project object */ = {
			isa = PBXProject;
			attributes = {
				LastUpgradeCheck = 0920;
				ORGANIZATIONNAME = "Nafisa Hasan";
				TargetAttributes = {
					DB6C84B620740C4900A555B2 = {
						CreatedOnToolsVersion = 9.2;
						ProvisioningStyle = Automatic;
					};
				};
			};
			buildConfigurationList = DB6C84B220740C4800A555B2 /* Build configuration list for PBXProject "app_LandlordMobile" */;
			compatibilityVersion = "Xcode 8.0";
			developmentRegion = en;
			hasScannedForEncodings = 0;
			knownRegions = (
				en,
				Base,
			);
			mainGroup = DB6C84AE20740C4800A555B2;
			productRefGroup = DB6C84B820740C4900A555B2 /* Products */;
			projectDirPath = "";
			projectRoot = "";
			targets = (
				DB6C84B620740C4900A555B2 /* app_LandlordMobile */,
			);
		};
/* End PBXProject section */

/* Begin PBXResourcesBuildPhase section */
		DB6C84B520740C4900A555B2 /* Resources */ = {
			isa = PBXResourcesBuildPhase;
			buildActionMask = 2147483647;
			files = (
				DB6C84C720740C4900A555B2 /* LaunchScreen.storyboard in Resources */,
				DB6C84C420740C4900A555B2 /* Assets.xcassets in Resources */,
				DB6C84D120740CA100A555B2 /* Podfile in Resources */,
				DB6C84C220740C4900A555B2 /* Main.storyboard in Resources */,
			);
			runOnlyForDeploymentPostprocessing = 0;
		};
/* End PBXResourcesBuildPhase section */

/* Begin PBXShellScriptBuildPhase section */
		02A4DBB998DCA9F21BFCA9F5 /* [CP] Embed Pods Frameworks */ = {
			isa = PBXShellScriptBuildPhase;
			buildActionMask = 2147483647;
			files = (
			);
			inputPaths = (
				"${SRCROOT}/Pods/Target Support Files/Pods-app_LandlordMobile/Pods-app_LandlordMobile-frameworks.sh",
				"${BUILT_PRODUCTS_DIR}/AWSAPIGateway/AWSAPIGateway.framework",
				"${BUILT_PRODUCTS_DIR}/AWSCore/AWSCore.framework",
			);
			name = "[CP] Embed Pods Frameworks";
			outputPaths = (
				"${TARGET_BUILD_DIR}/${FRAMEWORKS_FOLDER_PATH}/AWSAPIGateway.framework",
				"${TARGET_BUILD_DIR}/${FRAMEWORKS_FOLDER_PATH}/AWSCore.framework",
			);
			runOnlyForDeploymentPostprocessing = 0;
			shellPath = /bin/sh;
			shellScript = "\"${SRCROOT}/Pods/Target Support Files/Pods-app_LandlordMobile/Pods-app_LandlordMobile-frameworks.sh\"\n";
			showEnvVarsInLog = 0;
		};
		A993F5064A61EDB3FBBD9D03 /* [CP] Check Pods Manifest.lock */ = {
			isa = PBXShellScriptBuildPhase;
			buildActionMask = 2147483647;
			files = (
			);
			inputPaths = (
				"${PODS_PODFILE_DIR_PATH}/Podfile.lock",
				"${PODS_ROOT}/Manifest.lock",
			);
			name = "[CP] Check Pods Manifest.lock";
			outputPaths = (
				"$(DERIVED_FILE_DIR)/Pods-app_LandlordMobile-checkManifestLockResult.txt",
			);
			runOnlyForDeploymentPostprocessing = 0;
			shellPath = /bin/sh;
			shellScript = "diff \"${PODS_PODFILE_DIR_PATH}/Podfile.lock\" \"${PODS_ROOT}/Manifest.lock\" > /dev/null\nif [ $? != 0 ] ; then\n    # print error to STDERR\n    echo \"error: The sandbox is not in sync with the Podfile.lock. Run 'pod install' or update your CocoaPods installation.\" >&2\n    exit 1\nfi\n# This output is used by Xcode 'outputs' to avoid re-running this script phase.\necho \"SUCCESS\" > \"${SCRIPT_OUTPUT_FILE_0}\"\n";
			showEnvVarsInLog = 0;
		};
		BEF11A6E88180F13E4149DE9 /* [CP] Copy Pods Resources */ = {
			isa = PBXShellScriptBuildPhase;
			buildActionMask = 2147483647;
			files = (
			);
			inputPaths = (
			);
			name = "[CP] Copy Pods Resources";
			outputPaths = (
			);
			runOnlyForDeploymentPostprocessing = 0;
			shellPath = /bin/sh;
			shellScript = "\"${SRCROOT}/Pods/Target Support Files/Pods-app_LandlordMobile/Pods-app_LandlordMobile-resources.sh\"\n";
			showEnvVarsInLog = 0;
		};
/* End PBXShellScriptBuildPhase section */

/* Begin PBXSourcesBuildPhase section */
		DB6C84B320740C4900A555B2 /* Sources */ = {
			isa = PBXSourcesBuildPhase;
			buildActionMask = 2147483647;
			files = (
				DBCBA30B207947D6000118B7 /* PROPERTYPurchaseDetailsOutput_purchase_details_item.m in Sources */,
				DBCBA306207947D6000118B7 /* PROPERTYTenantRefOutput_tenant_references_item.m in Sources */,
				DBCBA2FC207947D6000118B7 /* PROPERTYPropertyTaxOutput.m in Sources */,
				DBCBA2EB207947D6000118B7 /* PROPERTYTenantIncomeOutput_tenant_income_expense_item.m in Sources */,
				DBCBA2F4207947D6000118B7 /* PROPERTYMaintenanceExpTypeOutput_maintenance_expense_types_item.m in Sources */,
				DBCBA2F6207947D6000118B7 /* PROPERTYTenantIncomeOutput.m in Sources */,
				DB6C84BF20740C4900A555B2 /* ViewController.m in Sources */,
				DBCBA2F9207947D6000118B7 /* PROPERTYMaintenanceExpTypeInput.m in Sources */,
				DBCBA2EE207947D6000118B7 /* PROPERTYPropertyMortgageLoanOutput.m in Sources */,
				DBCBA30A207947D6000118B7 /* PROPERTYPropertyMaintExpOutput.m in Sources */,
				DBCBA311207947D6000118B7 /* PROPERTYTenantOccupationInput.m in Sources */,
				DBCBA2FF207947D6000118B7 /* PROPERTYMaintenanceExpTypeResult.m in Sources */,
				DBCBA2F3207947D6000118B7 /* PROPERTYPropertyGeneralExpInput.m in Sources */,
				DB6C84CA20740C4900A555B2 /* main.m in Sources */,
				DBCBA2FB207947D6000118B7 /* PROPERTYRentalAgreementOutput_rental_agreement_item.m in Sources */,
				DBCBA2FE207947D6000118B7 /* PROPERTYTenantOccupationOutput_tenant_occupation_item.m in Sources */,
				DBCBA304207947D6000118B7 /* PROPERTYPropertyMortgageLoanOutput_property_mortgage_loan_item.m in Sources */,
				DBCBA2EC207947D6000118B7 /* PROPERTYTenantRefOutput.m in Sources */,
				DBCBA2EF207947D6000118B7 /* PROPERTYPropertyOutput_properties_item.m in Sources */,
				DBCBA2F0207947D6000118B7 /* PROPERTYPropertyOwnerOutput.m in Sources */,
				DBCBA303207947D6000118B7 /* PROPERTYPropertyMaintExpInput.m in Sources */,
				DBCBA2F2207947D6000118B7 /* PROPERTYPurchaseDetailsInput.m in Sources */,
				DBCBA30D207947D6000118B7 /* PROPERTYTenantBackgroundOutput.m in Sources */,
				DBCBA314207947D6000118B7 /* PROPERTYPropertyMangementClient.m in Sources */,
				DBCBA2ED207947D6000118B7 /* PROPERTYTenantOutput_tenants_item.m in Sources */,
				DBCBA2FD207947D6000118B7 /* PROPERTYPropertyTaxInput.m in Sources */,
				DBCBA309207947D6000118B7 /* PROPERTYPropertyOwnerOutput_property_owner_item.m in Sources */,
				DBCBA302207947D6000118B7 /* PROPERTYPropertyOutput.m in Sources */,
				DBCBA30C207947D6000118B7 /* PROPERTYTenantBackgroundOutput_tenant_background_check_item.m in Sources */,
				DBCBA2EA207947D6000118B7 /* PROPERTYEmpty.m in Sources */,
				DBCBA2F5207947D6000118B7 /* PROPERTYTenantInput.m in Sources */,
				DBCBA310207947D6000118B7 /* PROPERTYPropertyMaintExpOutput_property_maintenance_expenses_item.m in Sources */,
				DBCBA315207947D6000118B7 /* PROPERTYPropertyGeneralExpOutput_property_general_expenses_item.m in Sources */,
				DB6C84BC20740C4900A555B2 /* AppDelegate.m in Sources */,
				DBCBA307207947D6000118B7 /* PROPERTYPropertyTaxOutput_property_tax_item.m in Sources */,
				DBCBA313207947D6000118B7 /* PROPERTYRentalAgreementOutput.m in Sources */,
				DBCBA2F7207947D6000118B7 /* PROPERTYPropertyOwnerInput.m in Sources */,
				DBCBA308207947D6000118B7 /* PROPERTYPurchaseDetailsOutput.m in Sources */,
				DBCBA305207947D6000118B7 /* PROPERTYTenantIncomeInput.m in Sources */,
				DBCBA300207947D6000118B7 /* PROPERTYPropertyInput.m in Sources */,
				DBCBA301207947D6000118B7 /* PROPERTYTenantOutput.m in Sources */,
				DBCBA2FA207947D6000118B7 /* PROPERTYMaintenanceExpTypeOutput.m in Sources */,
				DBCBA2F1207947D6000118B7 /* PROPERTYTenantBackgroundInput.m in Sources */,
				DBCBA312207947D6000118B7 /* PROPERTYTenantOccupationOutput.m in Sources */,
				DBCBA316207947D6000118B7 /* PROPERTYRentalAgreementInput.m in Sources */,
				DBCBA30F207947D6000118B7 /* PROPERTYPropertyMortgageLoanInput.m in Sources */,
				DBCBA2F8207947D6000118B7 /* PROPERTYTenantRefInput.m in Sources */,
				DBCBA30E207947D6000118B7 /* PROPERTYPropertyGeneralExpOutput.m in Sources */,
			);
			runOnlyForDeploymentPostprocessing = 0;
		};
/* End PBXSourcesBuildPhase section */

/* Begin PBXVariantGroup section */
		DB6C84C020740C4900A555B2 /* Main.storyboard */ = {
			isa = PBXVariantGroup;
			children = (
				DB6C84C120740C4900A555B2 /* Base */,
			);
			name = Main.storyboard;
			sourceTree = "<group>";
		};
		DB6C84C520740C4900A555B2 /* LaunchScreen.storyboard */ = {
			isa = PBXVariantGroup;
			children = (
				DB6C84C620740C4900A555B2 /* Base */,
			);
			name = LaunchScreen.storyboard;
			sourceTree = "<group>";
		};
/* End PBXVariantGroup section */

/* Begin XCBuildConfiguration section */
		DB6C84CB20740C4900A555B2 /* Debug */ = {
			isa = XCBuildConfiguration;
			buildSettings = {
				ALWAYS_SEARCH_USER_PATHS = NO;
				CLANG_ANALYZER_NONNULL = YES;
				CLANG_ANALYZER_NUMBER_OBJECT_CONVERSION = YES_AGGRESSIVE;
				CLANG_CXX_LANGUAGE_STANDARD = "gnu++14";
				CLANG_CXX_LIBRARY = "libc++";
				CLANG_ENABLE_MODULES = YES;
				CLANG_ENABLE_OBJC_ARC = YES;
				CLANG_WARN_BLOCK_CAPTURE_AUTORELEASING = YES;
				CLANG_WARN_BOOL_CONVERSION = YES;
				CLANG_WARN_COMMA = YES;
				CLANG_WARN_CONSTANT_CONVERSION = YES;
				CLANG_WARN_DIRECT_OBJC_ISA_USAGE = YES_ERROR;
				CLANG_WARN_DOCUMENTATION_COMMENTS = YES;
				CLANG_WARN_EMPTY_BODY = YES;
				CLANG_WARN_ENUM_CONVERSION = YES;
				CLANG_WARN_INFINITE_RECURSION = YES;
				CLANG_WARN_INT_CONVERSION = YES;
				CLANG_WARN_NON_LITERAL_NULL_CONVERSION = YES;
				CLANG_WARN_OBJC_LITERAL_CONVERSION = YES;
				CLANG_WARN_OBJC_ROOT_CLASS = YES_ERROR;
				CLANG_WARN_RANGE_LOOP_ANALYSIS = YES;
				CLANG_WARN_STRICT_PROTOTYPES = YES;
				CLANG_WARN_SUSPICIOUS_MOVE = YES;
				CLANG_WARN_UNGUARDED_AVAILABILITY = YES_AGGRESSIVE;
				CLANG_WARN_UNREACHABLE_CODE = YES;
				CLANG_WARN__DUPLICATE_METHOD_MATCH = YES;
				CODE_SIGN_IDENTITY = "iPhone Developer";
				COPY_PHASE_STRIP = NO;
				DEBUG_INFORMATION_FORMAT = dwarf;
				ENABLE_STRICT_OBJC_MSGSEND = YES;
				ENABLE_TESTABILITY = YES;
				GCC_C_LANGUAGE_STANDARD = gnu11;
				GCC_DYNAMIC_NO_PIC = NO;
				GCC_NO_COMMON_BLOCKS = YES;
				GCC_OPTIMIZATION_LEVEL = 0;
				GCC_PREPROCESSOR_DEFINITIONS = (
					"DEBUG=1",
					"$(inherited)",
				);
				GCC_WARN_64_TO_32_BIT_CONVERSION = YES;
				GCC_WARN_ABOUT_RETURN_TYPE = YES_ERROR;
				GCC_WARN_UNDECLARED_SELECTOR = YES;
				GCC_WARN_UNINITIALIZED_AUTOS = YES_AGGRESSIVE;
				GCC_WARN_UNUSED_FUNCTION = YES;
				GCC_WARN_UNUSED_VARIABLE = YES;
				IPHONEOS_DEPLOYMENT_TARGET = 11.2;
				MTL_ENABLE_DEBUG_INFO = YES;
				ONLY_ACTIVE_ARCH = YES;
				SDKROOT = iphoneos;
			};
			name = Debug;
		};
		DB6C84CC20740C4900A555B2 /* Release */ = {
			isa = XCBuildConfiguration;
			buildSettings = {
				ALWAYS_SEARCH_USER_PATHS = NO;
				CLANG_ANALYZER_NONNULL = YES;
				CLANG_ANALYZER_NUMBER_OBJECT_CONVERSION = YES_AGGRESSIVE;
				CLANG_CXX_LANGUAGE_STANDARD = "gnu++14";
				CLANG_CXX_LIBRARY = "libc++";
				CLANG_ENABLE_MODULES = YES;
				CLANG_ENABLE_OBJC_ARC = YES;
				CLANG_WARN_BLOCK_CAPTURE_AUTORELEASING = YES;
				CLANG_WARN_BOOL_CONVERSION = YES;
				CLANG_WARN_COMMA = YES;
				CLANG_WARN_CONSTANT_CONVERSION = YES;
				CLANG_WARN_DIRECT_OBJC_ISA_USAGE = YES_ERROR;
				CLANG_WARN_DOCUMENTATION_COMMENTS = YES;
				CLANG_WARN_EMPTY_BODY = YES;
				CLANG_WARN_ENUM_CONVERSION = YES;
				CLANG_WARN_INFINITE_RECURSION = YES;
				CLANG_WARN_INT_CONVERSION = YES;
				CLANG_WARN_NON_LITERAL_NULL_CONVERSION = YES;
				CLANG_WARN_OBJC_LITERAL_CONVERSION = YES;
				CLANG_WARN_OBJC_ROOT_CLASS = YES_ERROR;
				CLANG_WARN_RANGE_LOOP_ANALYSIS = YES;
				CLANG_WARN_STRICT_PROTOTYPES = YES;
				CLANG_WARN_SUSPICIOUS_MOVE = YES;
				CLANG_WARN_UNGUARDED_AVAILABILITY = YES_AGGRESSIVE;
				CLANG_WARN_UNREACHABLE_CODE = YES;
				CLANG_WARN__DUPLICATE_METHOD_MATCH = YES;
				CODE_SIGN_IDENTITY = "iPhone Developer";
				COPY_PHASE_STRIP = NO;
				DEBUG_INFORMATION_FORMAT = "dwarf-with-dsym";
				ENABLE_NS_ASSERTIONS = NO;
				ENABLE_STRICT_OBJC_MSGSEND = YES;
				GCC_C_LANGUAGE_STANDARD = gnu11;
				GCC_NO_COMMON_BLOCKS = YES;
				GCC_WARN_64_TO_32_BIT_CONVERSION = YES;
				GCC_WARN_ABOUT_RETURN_TYPE = YES_ERROR;
				GCC_WARN_UNDECLARED_SELECTOR = YES;
				GCC_WARN_UNINITIALIZED_AUTOS = YES_AGGRESSIVE;
				GCC_WARN_UNUSED_FUNCTION = YES;
				GCC_WARN_UNUSED_VARIABLE = YES;
				IPHONEOS_DEPLOYMENT_TARGET = 11.2;
				MTL_ENABLE_DEBUG_INFO = NO;
				SDKROOT = iphoneos;
				VALIDATE_PRODUCT = YES;
			};
			name = Release;
		};
		DB6C84CE20740C4900A555B2 /* Debug */ = {
			isa = XCBuildConfiguration;
			baseConfigurationReference = BD48BF333CE33F3C36B4C0E1 /* Pods-app_LandlordMobile.debug.xcconfig */;
			buildSettings = {
				ASSETCATALOG_COMPILER_APPICON_NAME = AppIcon;
				CODE_SIGN_STYLE = Automatic;
				INFOPLIST_FILE = app_LandlordMobile/Info.plist;
				LD_RUNPATH_SEARCH_PATHS = "$(inherited) @executable_path/Frameworks";
				PRODUCT_BUNDLE_IDENTIFIER = "com.example.app-LandlordMobile";
				PRODUCT_NAME = "$(TARGET_NAME)";
				TARGETED_DEVICE_FAMILY = "1,2";
			};
			name = Debug;
		};
		DB6C84CF20740C4900A555B2 /* Release */ = {
			isa = XCBuildConfiguration;
			baseConfigurationReference = 3B38D5D0F4F36D894E37F68A /* Pods-app_LandlordMobile.release.xcconfig */;
			buildSettings = {
				ASSETCATALOG_COMPILER_APPICON_NAME = AppIcon;
				CODE_SIGN_STYLE = Automatic;
				INFOPLIST_FILE = app_LandlordMobile/Info.plist;
				LD_RUNPATH_SEARCH_PATHS = "$(inherited) @executable_path/Frameworks";
				PRODUCT_BUNDLE_IDENTIFIER = "com.example.app-LandlordMobile";
				PRODUCT_NAME = "$(TARGET_NAME)";
				TARGETED_DEVICE_FAMILY = "1,2";
			};
			name = Release;
		};
/* End XCBuildConfiguration section */

/* Begin XCConfigurationList section */
		DB6C84B220740C4800A555B2 /* Build configuration list for PBXProject "app_LandlordMobile" */ = {
			isa = XCConfigurationList;
			buildConfigurations = (
				DB6C84CB20740C4900A555B2 /* Debug */,
				DB6C84CC20740C4900A555B2 /* Release */,
			);
			defaultConfigurationIsVisible = 0;
			defaultConfigurationName = Release;
		};
		DB6C84CD20740C4900A555B2 /* Build configuration list for PBXNativeTarget "app_LandlordMobile" */ = {
			isa = XCConfigurationList;
			buildConfigurations = (
				DB6C84CE20740C4900A555B2 /* Debug */,
				DB6C84CF20740C4900A555B2 /* Release */,
			);
			defaultConfigurationIsVisible = 0;
			defaultConfigurationName = Release;
		};
/* End XCConfigurationList section */
	};
	rootObject = DB6C84AF20740C4800A555B2 /* Project object */;
}
