// !$*UTF8*$!
{
	archiveVersion = 1;
	classes = {
	};
	objectVersion = 48;
	objects = {

/* Begin PBXBuildFile section */
		9733F3B0E912D617F8328FD1 /* Pods_app_LandlordMobile.framework in Frameworks */ = {isa = PBXBuildFile; fileRef = 93FF748376BCFE0AE299D8AE /* Pods_app_LandlordMobile.framework */; };
		DB6C84BC20740C4900A555B2 /* AppDelegate.m in Sources */ = {isa = PBXBuildFile; fileRef = DB6C84BB20740C4900A555B2 /* AppDelegate.m */; };
		DB6C84BF20740C4900A555B2 /* ViewController.m in Sources */ = {isa = PBXBuildFile; fileRef = DB6C84BE20740C4900A555B2 /* ViewController.m */; };
		DB6C84C220740C4900A555B2 /* Main.storyboard in Resources */ = {isa = PBXBuildFile; fileRef = DB6C84C020740C4900A555B2 /* Main.storyboard */; };
		DB6C84C420740C4900A555B2 /* Assets.xcassets in Resources */ = {isa = PBXBuildFile; fileRef = DB6C84C320740C4900A555B2 /* Assets.xcassets */; };
		DB6C84C720740C4900A555B2 /* LaunchScreen.storyboard in Resources */ = {isa = PBXBuildFile; fileRef = DB6C84C520740C4900A555B2 /* LaunchScreen.storyboard */; };
		DB6C84CA20740C4900A555B2 /* main.m in Sources */ = {isa = PBXBuildFile; fileRef = DB6C84C920740C4900A555B2 /* main.m */; };
		DB6C84D120740CA100A555B2 /* Podfile in Resources */ = {isa = PBXBuildFile; fileRef = DB6C84D020740CA100A555B2 /* Podfile */; };
		DBCBA01E2076A069000118B7 /* PROPERTYTenantIncomeOutput.m in Sources */ = {isa = PBXBuildFile; fileRef = DBCB9FC62076A05D000118B7 /* PROPERTYTenantIncomeOutput.m */; };
		DBCBA01F2076A069000118B7 /* PROPERTYPropertyTaxInput.m in Sources */ = {isa = PBXBuildFile; fileRef = DBCB9FC82076A05D000118B7 /* PROPERTYPropertyTaxInput.m */; };
		DBCBA0202076A069000118B7 /* PROPERTYTenantOccupationInput.m in Sources */ = {isa = PBXBuildFile; fileRef = DBCB9FCB2076A05D000118B7 /* PROPERTYTenantOccupationInput.m */; };
		DBCBA0212076A069000118B7 /* PROPERTYTenantOccupationOutput_tenant_occupation_item.m in Sources */ = {isa = PBXBuildFile; fileRef = DBCB9FCC2076A05D000118B7 /* PROPERTYTenantOccupationOutput_tenant_occupation_item.m */; };
		DBCBA0222076A069000118B7 /* PROPERTYTenantOutput_tenants_item.m in Sources */ = {isa = PBXBuildFile; fileRef = DBCB9FCD2076A05D000118B7 /* PROPERTYTenantOutput_tenants_item.m */; };
		DBCBA0232076A069000118B7 /* PROPERTYTenantRefOutput.m in Sources */ = {isa = PBXBuildFile; fileRef = DBCB9FCF2076A05E000118B7 /* PROPERTYTenantRefOutput.m */; };
		DBCBA0242076A069000118B7 /* PROPERTYPurchaseDetailsOutput_purchase_details_item.m in Sources */ = {isa = PBXBuildFile; fileRef = DBCB9FD12076A05E000118B7 /* PROPERTYPurchaseDetailsOutput_purchase_details_item.m */; };
		DBCBA0252076A069000118B7 /* PROPERTYTenantOccupationOutput.m in Sources */ = {isa = PBXBuildFile; fileRef = DBCB9FD52076A05E000118B7 /* PROPERTYTenantOccupationOutput.m */; };
		DBCBA0262076A069000118B7 /* PROPERTYEmpty.m in Sources */ = {isa = PBXBuildFile; fileRef = DBCB9FD72076A05E000118B7 /* PROPERTYEmpty.m */; };
		DBCBA0272076A069000118B7 /* PROPERTYPropertyMaintExpOutput.m in Sources */ = {isa = PBXBuildFile; fileRef = DBCB9FDA2076A05F000118B7 /* PROPERTYPropertyMaintExpOutput.m */; };
		DBCBA0282076A069000118B7 /* PROPERTYPurchaseDetailsOutput.m in Sources */ = {isa = PBXBuildFile; fileRef = DBCB9FDB2076A05F000118B7 /* PROPERTYPurchaseDetailsOutput.m */; };
		DBCBA0292076A069000118B7 /* PROPERTYTenantRefOutput_tenant_references_item.m in Sources */ = {isa = PBXBuildFile; fileRef = DBCB9FDD2076A05F000118B7 /* PROPERTYTenantRefOutput_tenant_references_item.m */; };
		DBCBA02A2076A069000118B7 /* PROPERTYPropertyMortgageLoanOutput_property_mortgage_loan_item.m in Sources */ = {isa = PBXBuildFile; fileRef = DBCB9FDF2076A05F000118B7 /* PROPERTYPropertyMortgageLoanOutput_property_mortgage_loan_item.m */; };
		DBCBA02B2076A069000118B7 /* PROPERTYRentalAgreementOutput_rental_agreement_item.m in Sources */ = {isa = PBXBuildFile; fileRef = DBCB9FE02076A060000118B7 /* PROPERTYRentalAgreementOutput_rental_agreement_item.m */; };
		DBCBA02C2076A069000118B7 /* PROPERTYPropertyMaintExpInput.m in Sources */ = {isa = PBXBuildFile; fileRef = DBCB9FE42076A060000118B7 /* PROPERTYPropertyMaintExpInput.m */; };
		DBCBA02D2076A069000118B7 /* PROPERTYPropertyOwnerOutput_property_owner_item.m in Sources */ = {isa = PBXBuildFile; fileRef = DBCB9FE52076A060000118B7 /* PROPERTYPropertyOwnerOutput_property_owner_item.m */; };
		DBCBA02E2076A069000118B7 /* PROPERTYTenantBackgroundOutput.m in Sources */ = {isa = PBXBuildFile; fileRef = DBCB9FE62076A060000118B7 /* PROPERTYTenantBackgroundOutput.m */; };
		DBCBA02F2076A069000118B7 /* PROPERTYRentalAgreementInput.m in Sources */ = {isa = PBXBuildFile; fileRef = DBCB9FE92076A061000118B7 /* PROPERTYRentalAgreementInput.m */; };
		DBCBA0302076A069000118B7 /* PROPERTYTenantBackgroundOutput_tenant_background_check_item.m in Sources */ = {isa = PBXBuildFile; fileRef = DBCB9FEA2076A061000118B7 /* PROPERTYTenantBackgroundOutput_tenant_background_check_item.m */; };
		DBCBA0312076A069000118B7 /* PROPERTYTenantBackgroundInput.m in Sources */ = {isa = PBXBuildFile; fileRef = DBCB9FEC2076A061000118B7 /* PROPERTYTenantBackgroundInput.m */; };
		DBCBA0322076A069000118B7 /* PROPERTYRentalAgreementOutput.m in Sources */ = {isa = PBXBuildFile; fileRef = DBCB9FED2076A062000118B7 /* PROPERTYRentalAgreementOutput.m */; };
		DBCBA0332076A069000118B7 /* PROPERTYPropertyMortgageLoanInput.m in Sources */ = {isa = PBXBuildFile; fileRef = DBCB9FEE2076A062000118B7 /* PROPERTYPropertyMortgageLoanInput.m */; };
		DBCBA0342076A069000118B7 /* PROPERTYPropertyGeneralExpInput.m in Sources */ = {isa = PBXBuildFile; fileRef = DBCB9FEF2076A062000118B7 /* PROPERTYPropertyGeneralExpInput.m */; };
		DBCBA0352076A069000118B7 /* PROPERTYPropertyGeneralExpOutput_property_general_expenses_item.m in Sources */ = {isa = PBXBuildFile; fileRef = DBCB9FF02076A062000118B7 /* PROPERTYPropertyGeneralExpOutput_property_general_expenses_item.m */; };
		DBCBA0362076A069000118B7 /* PROPERTYMaintenanceExpTypeOutput.m in Sources */ = {isa = PBXBuildFile; fileRef = DBCB9FF42076A063000118B7 /* PROPERTYMaintenanceExpTypeOutput.m */; };
		DBCBA0372076A069000118B7 /* PROPERTYPropertyOwnerOutput.m in Sources */ = {isa = PBXBuildFile; fileRef = DBCB9FF72076A063000118B7 /* PROPERTYPropertyOwnerOutput.m */; };
		DBCBA0382076A069000118B7 /* PROPERTYPropertyTaxOutput_property_tax_item.m in Sources */ = {isa = PBXBuildFile; fileRef = DBCB9FFA2076A063000118B7 /* PROPERTYPropertyTaxOutput_property_tax_item.m */; };
		DBCBA0392076A069000118B7 /* PROPERTYPropertyGeneralExpOutput.m in Sources */ = {isa = PBXBuildFile; fileRef = DBCB9FFE2076A064000118B7 /* PROPERTYPropertyGeneralExpOutput.m */; };
		DBCBA03A2076A069000118B7 /* PROPERTYPropertyInput.m in Sources */ = {isa = PBXBuildFile; fileRef = DBCB9FFF2076A064000118B7 /* PROPERTYPropertyInput.m */; };
		DBCBA03B2076A069000118B7 /* PROPERTYTenantIncomeInput.m in Sources */ = {isa = PBXBuildFile; fileRef = DBCBA0002076A064000118B7 /* PROPERTYTenantIncomeInput.m */; };
		DBCBA03C2076A069000118B7 /* PROPERTYMaintenanceExpTypeOutput_maintenance_expense_types_item.m in Sources */ = {isa = PBXBuildFile; fileRef = DBCBA0012076A064000118B7 /* PROPERTYMaintenanceExpTypeOutput_maintenance_expense_types_item.m */; };
		DBCBA03D2076A069000118B7 /* PROPERTYTenantInput.m in Sources */ = {isa = PBXBuildFile; fileRef = DBCBA0022076A065000118B7 /* PROPERTYTenantInput.m */; };
		DBCBA03E2076A069000118B7 /* PROPERTYPropertyMangementClient.m in Sources */ = {isa = PBXBuildFile; fileRef = DBCBA0052076A065000118B7 /* PROPERTYPropertyMangementClient.m */; };
		DBCBA03F2076A069000118B7 /* PROPERTYTenantOutput.m in Sources */ = {isa = PBXBuildFile; fileRef = DBCBA0062076A065000118B7 /* PROPERTYTenantOutput.m */; };
		DBCBA0402076A069000118B7 /* PROPERTYPropertyMortgageLoanOutput.m in Sources */ = {isa = PBXBuildFile; fileRef = DBCBA0092076A066000118B7 /* PROPERTYPropertyMortgageLoanOutput.m */; };
		DBCBA0412076A069000118B7 /* PROPERTYPropertyOutput_properties_item.m in Sources */ = {isa = PBXBuildFile; fileRef = DBCBA00A2076A066000118B7 /* PROPERTYPropertyOutput_properties_item.m */; };
		DBCBA0422076A069000118B7 /* PROPERTYPropertyMaintExpOutput_property_maintenance_expenses_item.m in Sources */ = {isa = PBXBuildFile; fileRef = DBCBA00B2076A066000118B7 /* PROPERTYPropertyMaintExpOutput_property_maintenance_expenses_item.m */; };
		DBCBA0432076A069000118B7 /* PROPERTYPropertyOutput.m in Sources */ = {isa = PBXBuildFile; fileRef = DBCBA00C2076A066000118B7 /* PROPERTYPropertyOutput.m */; };
		DBCBA0442076A069000118B7 /* PROPERTYPropertyOwnerInput.m in Sources */ = {isa = PBXBuildFile; fileRef = DBCBA00E2076A067000118B7 /* PROPERTYPropertyOwnerInput.m */; };
		DBCBA0452076A069000118B7 /* PROPERTYTenantRefInput.m in Sources */ = {isa = PBXBuildFile; fileRef = DBCBA0122076A067000118B7 /* PROPERTYTenantRefInput.m */; };
		DBCBA0462076A069000118B7 /* PROPERTYMaintenanceExpTypeInput.m in Sources */ = {isa = PBXBuildFile; fileRef = DBCBA0152076A068000118B7 /* PROPERTYMaintenanceExpTypeInput.m */; };
		DBCBA0472076A069000118B7 /* PROPERTYTenantIncomeOutput_tenant_income_expense_item.m in Sources */ = {isa = PBXBuildFile; fileRef = DBCBA0192076A068000118B7 /* PROPERTYTenantIncomeOutput_tenant_income_expense_item.m */; };
		DBCBA0482076A069000118B7 /* PROPERTYPropertyTaxOutput.m in Sources */ = {isa = PBXBuildFile; fileRef = DBCBA01B2076A069000118B7 /* PROPERTYPropertyTaxOutput.m */; };
		DBCBA0492076A069000118B7 /* PROPERTYPurchaseDetailsInput.m in Sources */ = {isa = PBXBuildFile; fileRef = DBCBA01C2076A069000118B7 /* PROPERTYPurchaseDetailsInput.m */; };
/* End PBXBuildFile section */

/* Begin PBXFileReference section */
		3B38D5D0F4F36D894E37F68A /* Pods-app_LandlordMobile.release.xcconfig */ = {isa = PBXFileReference; includeInIndex = 1; lastKnownFileType = text.xcconfig; name = "Pods-app_LandlordMobile.release.xcconfig"; path = "Pods/Target Support Files/Pods-app_LandlordMobile/Pods-app_LandlordMobile.release.xcconfig"; sourceTree = "<group>"; };
		93FF748376BCFE0AE299D8AE /* Pods_app_LandlordMobile.framework */ = {isa = PBXFileReference; explicitFileType = wrapper.framework; includeInIndex = 0; path = Pods_app_LandlordMobile.framework; sourceTree = BUILT_PRODUCTS_DIR; };
		BD48BF333CE33F3C36B4C0E1 /* Pods-app_LandlordMobile.debug.xcconfig */ = {isa = PBXFileReference; includeInIndex = 1; lastKnownFileType = text.xcconfig; name = "Pods-app_LandlordMobile.debug.xcconfig"; path = "Pods/Target Support Files/Pods-app_LandlordMobile/Pods-app_LandlordMobile.debug.xcconfig"; sourceTree = "<group>"; };
		DB6C84B720740C4900A555B2 /* app_LandlordMobile.app */ = {isa = PBXFileReference; explicitFileType = wrapper.application; includeInIndex = 0; path = app_LandlordMobile.app; sourceTree = BUILT_PRODUCTS_DIR; };
		DB6C84BA20740C4900A555B2 /* AppDelegate.h */ = {isa = PBXFileReference; lastKnownFileType = sourcecode.c.h; path = AppDelegate.h; sourceTree = "<group>"; };
		DB6C84BB20740C4900A555B2 /* AppDelegate.m */ = {isa = PBXFileReference; lastKnownFileType = sourcecode.c.objc; path = AppDelegate.m; sourceTree = "<group>"; };
		DB6C84BD20740C4900A555B2 /* ViewController.h */ = {isa = PBXFileReference; lastKnownFileType = sourcecode.c.h; path = ViewController.h; sourceTree = "<group>"; };
		DB6C84BE20740C4900A555B2 /* ViewController.m */ = {isa = PBXFileReference; lastKnownFileType = sourcecode.c.objc; path = ViewController.m; sourceTree = "<group>"; };
		DB6C84C120740C4900A555B2 /* Base */ = {isa = PBXFileReference; lastKnownFileType = file.storyboard; name = Base; path = Base.lproj/Main.storyboard; sourceTree = "<group>"; };
		DB6C84C320740C4900A555B2 /* Assets.xcassets */ = {isa = PBXFileReference; lastKnownFileType = folder.assetcatalog; path = Assets.xcassets; sourceTree = "<group>"; };
		DB6C84C620740C4900A555B2 /* Base */ = {isa = PBXFileReference; lastKnownFileType = file.storyboard; name = Base; path = Base.lproj/LaunchScreen.storyboard; sourceTree = "<group>"; };
		DB6C84C820740C4900A555B2 /* Info.plist */ = {isa = PBXFileReference; lastKnownFileType = text.plist.xml; path = Info.plist; sourceTree = "<group>"; };
		DB6C84C920740C4900A555B2 /* main.m */ = {isa = PBXFileReference; lastKnownFileType = sourcecode.c.objc; path = main.m; sourceTree = "<group>"; };
		DB6C84D020740CA100A555B2 /* Podfile */ = {isa = PBXFileReference; fileEncoding = 4; lastKnownFileType = text; path = Podfile; sourceTree = "<group>"; };
		DBCB9FC62076A05D000118B7 /* PROPERTYTenantIncomeOutput.m */ = {isa = PBXFileReference; fileEncoding = 4; lastKnownFileType = sourcecode.c.objc; path = PROPERTYTenantIncomeOutput.m; sourceTree = "<group>"; };
		DBCB9FC72076A05D000118B7 /* PROPERTYTenantOccupationInput.h */ = {isa = PBXFileReference; fileEncoding = 4; lastKnownFileType = sourcecode.c.h; path = PROPERTYTenantOccupationInput.h; sourceTree = "<group>"; };
		DBCB9FC82076A05D000118B7 /* PROPERTYPropertyTaxInput.m */ = {isa = PBXFileReference; fileEncoding = 4; lastKnownFileType = sourcecode.c.objc; path = PROPERTYPropertyTaxInput.m; sourceTree = "<group>"; };
		DBCB9FC92076A05D000118B7 /* PROPERTYPropertyOwnerOutput_property_owner_item.h */ = {isa = PBXFileReference; fileEncoding = 4; lastKnownFileType = sourcecode.c.h; path = PROPERTYPropertyOwnerOutput_property_owner_item.h; sourceTree = "<group>"; };
		DBCB9FCA2076A05D000118B7 /* PROPERTYTenantIncomeOutput_tenant_income_expense_item.h */ = {isa = PBXFileReference; fileEncoding = 4; lastKnownFileType = sourcecode.c.h; path = PROPERTYTenantIncomeOutput_tenant_income_expense_item.h; sourceTree = "<group>"; };
		DBCB9FCB2076A05D000118B7 /* PROPERTYTenantOccupationInput.m */ = {isa = PBXFileReference; fileEncoding = 4; lastKnownFileType = sourcecode.c.objc; path = PROPERTYTenantOccupationInput.m; sourceTree = "<group>"; };
		DBCB9FCC2076A05D000118B7 /* PROPERTYTenantOccupationOutput_tenant_occupation_item.m */ = {isa = PBXFileReference; fileEncoding = 4; lastKnownFileType = sourcecode.c.objc; path = PROPERTYTenantOccupationOutput_tenant_occupation_item.m; sourceTree = "<group>"; };
		DBCB9FCD2076A05D000118B7 /* PROPERTYTenantOutput_tenants_item.m */ = {isa = PBXFileReference; fileEncoding = 4; lastKnownFileType = sourcecode.c.objc; path = PROPERTYTenantOutput_tenants_item.m; sourceTree = "<group>"; };
		DBCB9FCE2076A05D000118B7 /* PROPERTYTenantOutput.h */ = {isa = PBXFileReference; fileEncoding = 4; lastKnownFileType = sourcecode.c.h; path = PROPERTYTenantOutput.h; sourceTree = "<group>"; };
		DBCB9FCF2076A05E000118B7 /* PROPERTYTenantRefOutput.m */ = {isa = PBXFileReference; fileEncoding = 4; lastKnownFileType = sourcecode.c.objc; path = PROPERTYTenantRefOutput.m; sourceTree = "<group>"; };
		DBCB9FD02076A05E000118B7 /* PROPERTYPropertyOwnerOutput.h */ = {isa = PBXFileReference; fileEncoding = 4; lastKnownFileType = sourcecode.c.h; path = PROPERTYPropertyOwnerOutput.h; sourceTree = "<group>"; };
		DBCB9FD12076A05E000118B7 /* PROPERTYPurchaseDetailsOutput_purchase_details_item.m */ = {isa = PBXFileReference; fileEncoding = 4; lastKnownFileType = sourcecode.c.objc; path = PROPERTYPurchaseDetailsOutput_purchase_details_item.m; sourceTree = "<group>"; };
		DBCB9FD22076A05E000118B7 /* PROPERTYPropertyInput.h */ = {isa = PBXFileReference; fileEncoding = 4; lastKnownFileType = sourcecode.c.h; path = PROPERTYPropertyInput.h; sourceTree = "<group>"; };
		DBCB9FD32076A05E000118B7 /* PROPERTYPropertyMaintExpOutput.h */ = {isa = PBXFileReference; fileEncoding = 4; lastKnownFileType = sourcecode.c.h; path = PROPERTYPropertyMaintExpOutput.h; sourceTree = "<group>"; };
		DBCB9FD42076A05E000118B7 /* PROPERTYPurchaseDetailsOutput_purchase_details_item.h */ = {isa = PBXFileReference; fileEncoding = 4; lastKnownFileType = sourcecode.c.h; path = PROPERTYPurchaseDetailsOutput_purchase_details_item.h; sourceTree = "<group>"; };
		DBCB9FD52076A05E000118B7 /* PROPERTYTenantOccupationOutput.m */ = {isa = PBXFileReference; fileEncoding = 4; lastKnownFileType = sourcecode.c.objc; path = PROPERTYTenantOccupationOutput.m; sourceTree = "<group>"; };
		DBCB9FD62076A05E000118B7 /* PROPERTYPurchaseDetailsInput.h */ = {isa = PBXFileReference; fileEncoding = 4; lastKnownFileType = sourcecode.c.h; path = PROPERTYPurchaseDetailsInput.h; sourceTree = "<group>"; };
		DBCB9FD72076A05E000118B7 /* PROPERTYEmpty.m */ = {isa = PBXFileReference; fileEncoding = 4; lastKnownFileType = sourcecode.c.objc; path = PROPERTYEmpty.m; sourceTree = "<group>"; };
		DBCB9FD82076A05F000118B7 /* PROPERTYTenantIncomeOutput.h */ = {isa = PBXFileReference; fileEncoding = 4; lastKnownFileType = sourcecode.c.h; path = PROPERTYTenantIncomeOutput.h; sourceTree = "<group>"; };
		DBCB9FD92076A05F000118B7 /* PROPERTYPropertyGeneralExpOutput_property_general_expenses_item.h */ = {isa = PBXFileReference; fileEncoding = 4; lastKnownFileType = sourcecode.c.h; path = PROPERTYPropertyGeneralExpOutput_property_general_expenses_item.h; sourceTree = "<group>"; };
		DBCB9FDA2076A05F000118B7 /* PROPERTYPropertyMaintExpOutput.m */ = {isa = PBXFileReference; fileEncoding = 4; lastKnownFileType = sourcecode.c.objc; path = PROPERTYPropertyMaintExpOutput.m; sourceTree = "<group>"; };
		DBCB9FDB2076A05F000118B7 /* PROPERTYPurchaseDetailsOutput.m */ = {isa = PBXFileReference; fileEncoding = 4; lastKnownFileType = sourcecode.c.objc; path = PROPERTYPurchaseDetailsOutput.m; sourceTree = "<group>"; };
		DBCB9FDC2076A05F000118B7 /* PROPERTYTenantBackgroundOutput_tenant_background_check_item.h */ = {isa = PBXFileReference; fileEncoding = 4; lastKnownFileType = sourcecode.c.h; path = PROPERTYTenantBackgroundOutput_tenant_background_check_item.h; sourceTree = "<group>"; };
		DBCB9FDD2076A05F000118B7 /* PROPERTYTenantRefOutput_tenant_references_item.m */ = {isa = PBXFileReference; fileEncoding = 4; lastKnownFileType = sourcecode.c.objc; path = PROPERTYTenantRefOutput_tenant_references_item.m; sourceTree = "<group>"; };
		DBCB9FDE2076A05F000118B7 /* PROPERTYPropertyMortgageLoanOutput.h */ = {isa = PBXFileReference; fileEncoding = 4; lastKnownFileType = sourcecode.c.h; path = PROPERTYPropertyMortgageLoanOutput.h; sourceTree = "<group>"; };
		DBCB9FDF2076A05F000118B7 /* PROPERTYPropertyMortgageLoanOutput_property_mortgage_loan_item.m */ = {isa = PBXFileReference; fileEncoding = 4; lastKnownFileType = sourcecode.c.objc; path = PROPERTYPropertyMortgageLoanOutput_property_mortgage_loan_item.m; sourceTree = "<group>"; };
		DBCB9FE02076A060000118B7 /* PROPERTYRentalAgreementOutput_rental_agreement_item.m */ = {isa = PBXFileReference; fileEncoding = 4; lastKnownFileType = sourcecode.c.objc; path = PROPERTYRentalAgreementOutput_rental_agreement_item.m; sourceTree = "<group>"; };
		DBCB9FE12076A060000118B7 /* PROPERTYTenantOccupationOutput_tenant_occupation_item.h */ = {isa = PBXFileReference; fileEncoding = 4; lastKnownFileType = sourcecode.c.h; path = PROPERTYTenantOccupationOutput_tenant_occupation_item.h; sourceTree = "<group>"; };
		DBCB9FE22076A060000118B7 /* PROPERTYPropertyMaintExpInput.h */ = {isa = PBXFileReference; fileEncoding = 4; lastKnownFileType = sourcecode.c.h; path = PROPERTYPropertyMaintExpInput.h; sourceTree = "<group>"; };
		DBCB9FE32076A060000118B7 /* PROPERTYPropertyTaxOutput_property_tax_item.h */ = {isa = PBXFileReference; fileEncoding = 4; lastKnownFileType = sourcecode.c.h; path = PROPERTYPropertyTaxOutput_property_tax_item.h; sourceTree = "<group>"; };
		DBCB9FE42076A060000118B7 /* PROPERTYPropertyMaintExpInput.m */ = {isa = PBXFileReference; fileEncoding = 4; lastKnownFileType = sourcecode.c.objc; path = PROPERTYPropertyMaintExpInput.m; sourceTree = "<group>"; };
		DBCB9FE52076A060000118B7 /* PROPERTYPropertyOwnerOutput_property_owner_item.m */ = {isa = PBXFileReference; fileEncoding = 4; lastKnownFileType = sourcecode.c.objc; path = PROPERTYPropertyOwnerOutput_property_owner_item.m; sourceTree = "<group>"; };
		DBCB9FE62076A060000118B7 /* PROPERTYTenantBackgroundOutput.m */ = {isa = PBXFileReference; fileEncoding = 4; lastKnownFileType = sourcecode.c.objc; path = PROPERTYTenantBackgroundOutput.m; sourceTree = "<group>"; };
		DBCB9FE72076A061000118B7 /* PROPERTYMaintenanceExpTypeInput.h */ = {isa = PBXFileReference; fileEncoding = 4; lastKnownFileType = sourcecode.c.h; path = PROPERTYMaintenanceExpTypeInput.h; sourceTree = "<group>"; };
		DBCB9FE82076A061000118B7 /* PROPERTYTenantOccupationOutput.h */ = {isa = PBXFileReference; fileEncoding = 4; lastKnownFileType = sourcecode.c.h; path = PROPERTYTenantOccupationOutput.h; sourceTree = "<group>"; };
		DBCB9FE92076A061000118B7 /* PROPERTYRentalAgreementInput.m */ = {isa = PBXFileReference; fileEncoding = 4; lastKnownFileType = sourcecode.c.objc; path = PROPERTYRentalAgreementInput.m; sourceTree = "<group>"; };
		DBCB9FEA2076A061000118B7 /* PROPERTYTenantBackgroundOutput_tenant_background_check_item.m */ = {isa = PBXFileReference; fileEncoding = 4; lastKnownFileType = sourcecode.c.objc; path = PROPERTYTenantBackgroundOutput_tenant_background_check_item.m; sourceTree = "<group>"; };
		DBCB9FEB2076A061000118B7 /* PROPERTYPropertyGeneralExpOutput.h */ = {isa = PBXFileReference; fileEncoding = 4; lastKnownFileType = sourcecode.c.h; path = PROPERTYPropertyGeneralExpOutput.h; sourceTree = "<group>"; };
		DBCB9FEC2076A061000118B7 /* PROPERTYTenantBackgroundInput.m */ = {isa = PBXFileReference; fileEncoding = 4; lastKnownFileType = sourcecode.c.objc; path = PROPERTYTenantBackgroundInput.m; sourceTree = "<group>"; };
		DBCB9FED2076A062000118B7 /* PROPERTYRentalAgreementOutput.m */ = {isa = PBXFileReference; fileEncoding = 4; lastKnownFileType = sourcecode.c.objc; path = PROPERTYRentalAgreementOutput.m; sourceTree = "<group>"; };
		DBCB9FEE2076A062000118B7 /* PROPERTYPropertyMortgageLoanInput.m */ = {isa = PBXFileReference; fileEncoding = 4; lastKnownFileType = sourcecode.c.objc; path = PROPERTYPropertyMortgageLoanInput.m; sourceTree = "<group>"; };
		DBCB9FEF2076A062000118B7 /* PROPERTYPropertyGeneralExpInput.m */ = {isa = PBXFileReference; fileEncoding = 4; lastKnownFileType = sourcecode.c.objc; path = PROPERTYPropertyGeneralExpInput.m; sourceTree = "<group>"; };
		DBCB9FF02076A062000118B7 /* PROPERTYPropertyGeneralExpOutput_property_general_expenses_item.m */ = {isa = PBXFileReference; fileEncoding = 4; lastKnownFileType = sourcecode.c.objc; path = PROPERTYPropertyGeneralExpOutput_property_general_expenses_item.m; sourceTree = "<group>"; };
		DBCB9FF12076A062000118B7 /* PROPERTYRentalAgreementOutput.h */ = {isa = PBXFileReference; fileEncoding = 4; lastKnownFileType = sourcecode.c.h; path = PROPERTYRentalAgreementOutput.h; sourceTree = "<group>"; };
		DBCB9FF22076A062000118B7 /* PROPERTYTenantBackgroundOutput.h */ = {isa = PBXFileReference; fileEncoding = 4; lastKnownFileType = sourcecode.c.h; path = PROPERTYTenantBackgroundOutput.h; sourceTree = "<group>"; };
		DBCB9FF32076A062000118B7 /* PROPERTYTenantOutput_tenants_item.h */ = {isa = PBXFileReference; fileEncoding = 4; lastKnownFileType = sourcecode.c.h; path = PROPERTYTenantOutput_tenants_item.h; sourceTree = "<group>"; };
		DBCB9FF42076A063000118B7 /* PROPERTYMaintenanceExpTypeOutput.m */ = {isa = PBXFileReference; fileEncoding = 4; lastKnownFileType = sourcecode.c.objc; path = PROPERTYMaintenanceExpTypeOutput.m; sourceTree = "<group>"; };
		DBCB9FF52076A063000118B7 /* PROPERTYPropertyOutput_properties_item.h */ = {isa = PBXFileReference; fileEncoding = 4; lastKnownFileType = sourcecode.c.h; path = PROPERTYPropertyOutput_properties_item.h; sourceTree = "<group>"; };
		DBCB9FF62076A063000118B7 /* PROPERTYMaintenanceExpTypeOutput.h */ = {isa = PBXFileReference; fileEncoding = 4; lastKnownFileType = sourcecode.c.h; path = PROPERTYMaintenanceExpTypeOutput.h; sourceTree = "<group>"; };
		DBCB9FF72076A063000118B7 /* PROPERTYPropertyOwnerOutput.m */ = {isa = PBXFileReference; fileEncoding = 4; lastKnownFileType = sourcecode.c.objc; path = PROPERTYPropertyOwnerOutput.m; sourceTree = "<group>"; };
		DBCB9FF82076A063000118B7 /* PROPERTYTenantBackgroundInput.h */ = {isa = PBXFileReference; fileEncoding = 4; lastKnownFileType = sourcecode.c.h; path = PROPERTYTenantBackgroundInput.h; sourceTree = "<group>"; };
		DBCB9FF92076A063000118B7 /* PROPERTYMaintenanceExpTypeOutput_maintenance_expense_types_item.h */ = {isa = PBXFileReference; fileEncoding = 4; lastKnownFileType = sourcecode.c.h; path = PROPERTYMaintenanceExpTypeOutput_maintenance_expense_types_item.h; sourceTree = "<group>"; };
		DBCB9FFA2076A063000118B7 /* PROPERTYPropertyTaxOutput_property_tax_item.m */ = {isa = PBXFileReference; fileEncoding = 4; lastKnownFileType = sourcecode.c.objc; path = PROPERTYPropertyTaxOutput_property_tax_item.m; sourceTree = "<group>"; };
		DBCB9FFB2076A064000118B7 /* PROPERTYTenantRefOutput.h */ = {isa = PBXFileReference; fileEncoding = 4; lastKnownFileType = sourcecode.c.h; path = PROPERTYTenantRefOutput.h; sourceTree = "<group>"; };
		DBCB9FFC2076A064000118B7 /* PROPERTYTenantInput.h */ = {isa = PBXFileReference; fileEncoding = 4; lastKnownFileType = sourcecode.c.h; path = PROPERTYTenantInput.h; sourceTree = "<group>"; };
		DBCB9FFD2076A064000118B7 /* PROPERTYPropertyGeneralExpInput.h */ = {isa = PBXFileReference; fileEncoding = 4; lastKnownFileType = sourcecode.c.h; path = PROPERTYPropertyGeneralExpInput.h; sourceTree = "<group>"; };
		DBCB9FFE2076A064000118B7 /* PROPERTYPropertyGeneralExpOutput.m */ = {isa = PBXFileReference; fileEncoding = 4; lastKnownFileType = sourcecode.c.objc; path = PROPERTYPropertyGeneralExpOutput.m; sourceTree = "<group>"; };
		DBCB9FFF2076A064000118B7 /* PROPERTYPropertyInput.m */ = {isa = PBXFileReference; fileEncoding = 4; lastKnownFileType = sourcecode.c.objc; path = PROPERTYPropertyInput.m; sourceTree = "<group>"; };
		DBCBA0002076A064000118B7 /* PROPERTYTenantIncomeInput.m */ = {isa = PBXFileReference; fileEncoding = 4; lastKnownFileType = sourcecode.c.objc; path = PROPERTYTenantIncomeInput.m; sourceTree = "<group>"; };
		DBCBA0012076A064000118B7 /* PROPERTYMaintenanceExpTypeOutput_maintenance_expense_types_item.m */ = {isa = PBXFileReference; fileEncoding = 4; lastKnownFileType = sourcecode.c.objc; path = PROPERTYMaintenanceExpTypeOutput_maintenance_expense_types_item.m; sourceTree = "<group>"; };
		DBCBA0022076A065000118B7 /* PROPERTYTenantInput.m */ = {isa = PBXFileReference; fileEncoding = 4; lastKnownFileType = sourcecode.c.objc; path = PROPERTYTenantInput.m; sourceTree = "<group>"; };
		DBCBA0032076A065000118B7 /* PROPERTYTenantRefOutput_tenant_references_item.h */ = {isa = PBXFileReference; fileEncoding = 4; lastKnownFileType = sourcecode.c.h; path = PROPERTYTenantRefOutput_tenant_references_item.h; sourceTree = "<group>"; };
		DBCBA0042076A065000118B7 /* PROPERTYPropertyOwnerInput.h */ = {isa = PBXFileReference; fileEncoding = 4; lastKnownFileType = sourcecode.c.h; path = PROPERTYPropertyOwnerInput.h; sourceTree = "<group>"; };
		DBCBA0052076A065000118B7 /* PROPERTYPropertyMangementClient.m */ = {isa = PBXFileReference; fileEncoding = 4; lastKnownFileType = sourcecode.c.objc; path = PROPERTYPropertyMangementClient.m; sourceTree = "<group>"; };
		DBCBA0062076A065000118B7 /* PROPERTYTenantOutput.m */ = {isa = PBXFileReference; fileEncoding = 4; lastKnownFileType = sourcecode.c.objc; path = PROPERTYTenantOutput.m; sourceTree = "<group>"; };
		DBCBA0072076A065000118B7 /* PROPERTYEmpty.h */ = {isa = PBXFileReference; fileEncoding = 4; lastKnownFileType = sourcecode.c.h; path = PROPERTYEmpty.h; sourceTree = "<group>"; };
		DBCBA0082076A066000118B7 /* PROPERTYPropertyMangementClient.h */ = {isa = PBXFileReference; fileEncoding = 4; lastKnownFileType = sourcecode.c.h; path = PROPERTYPropertyMangementClient.h; sourceTree = "<group>"; };
		DBCBA0092076A066000118B7 /* PROPERTYPropertyMortgageLoanOutput.m */ = {isa = PBXFileReference; fileEncoding = 4; lastKnownFileType = sourcecode.c.objc; path = PROPERTYPropertyMortgageLoanOutput.m; sourceTree = "<group>"; };
		DBCBA00A2076A066000118B7 /* PROPERTYPropertyOutput_properties_item.m */ = {isa = PBXFileReference; fileEncoding = 4; lastKnownFileType = sourcecode.c.objc; path = PROPERTYPropertyOutput_properties_item.m; sourceTree = "<group>"; };
		DBCBA00B2076A066000118B7 /* PROPERTYPropertyMaintExpOutput_property_maintenance_expenses_item.m */ = {isa = PBXFileReference; fileEncoding = 4; lastKnownFileType = sourcecode.c.objc; path = PROPERTYPropertyMaintExpOutput_property_maintenance_expenses_item.m; sourceTree = "<group>"; };
		DBCBA00C2076A066000118B7 /* PROPERTYPropertyOutput.m */ = {isa = PBXFileReference; fileEncoding = 4; lastKnownFileType = sourcecode.c.objc; path = PROPERTYPropertyOutput.m; sourceTree = "<group>"; };
		DBCBA00D2076A066000118B7 /* PROPERTYPropertyMaintExpOutput_property_maintenance_expenses_item.h */ = {isa = PBXFileReference; fileEncoding = 4; lastKnownFileType = sourcecode.c.h; path = PROPERTYPropertyMaintExpOutput_property_maintenance_expenses_item.h; sourceTree = "<group>"; };
		DBCBA00E2076A067000118B7 /* PROPERTYPropertyOwnerInput.m */ = {isa = PBXFileReference; fileEncoding = 4; lastKnownFileType = sourcecode.c.objc; path = PROPERTYPropertyOwnerInput.m; sourceTree = "<group>"; };
		DBCBA00F2076A067000118B7 /* PROPERTYTenantIncomeInput.h */ = {isa = PBXFileReference; fileEncoding = 4; lastKnownFileType = sourcecode.c.h; path = PROPERTYTenantIncomeInput.h; sourceTree = "<group>"; };
		DBCBA0102076A067000118B7 /* PROPERTYTenantRefInput.h */ = {isa = PBXFileReference; fileEncoding = 4; lastKnownFileType = sourcecode.c.h; path = PROPERTYTenantRefInput.h; sourceTree = "<group>"; };
		DBCBA0112076A067000118B7 /* PROPERTYRentalAgreementInput.h */ = {isa = PBXFileReference; fileEncoding = 4; lastKnownFileType = sourcecode.c.h; path = PROPERTYRentalAgreementInput.h; sourceTree = "<group>"; };
		DBCBA0122076A067000118B7 /* PROPERTYTenantRefInput.m */ = {isa = PBXFileReference; fileEncoding = 4; lastKnownFileType = sourcecode.c.objc; path = PROPERTYTenantRefInput.m; sourceTree = "<group>"; };
		DBCBA0132076A067000118B7 /* PROPERTYPropertyMortgageLoanInput.h */ = {isa = PBXFileReference; fileEncoding = 4; lastKnownFileType = sourcecode.c.h; path = PROPERTYPropertyMortgageLoanInput.h; sourceTree = "<group>"; };
		DBCBA0142076A068000118B7 /* PROPERTYPropertyTaxOutput.h */ = {isa = PBXFileReference; fileEncoding = 4; lastKnownFileType = sourcecode.c.h; path = PROPERTYPropertyTaxOutput.h; sourceTree = "<group>"; };
		DBCBA0152076A068000118B7 /* PROPERTYMaintenanceExpTypeInput.m */ = {isa = PBXFileReference; fileEncoding = 4; lastKnownFileType = sourcecode.c.objc; path = PROPERTYMaintenanceExpTypeInput.m; sourceTree = "<group>"; };
		DBCBA0162076A068000118B7 /* PROPERTYPropertyMortgageLoanOutput_property_mortgage_loan_item.h */ = {isa = PBXFileReference; fileEncoding = 4; lastKnownFileType = sourcecode.c.h; path = PROPERTYPropertyMortgageLoanOutput_property_mortgage_loan_item.h; sourceTree = "<group>"; };
		DBCBA0172076A068000118B7 /* PROPERTYPropertyOutput.h */ = {isa = PBXFileReference; fileEncoding = 4; lastKnownFileType = sourcecode.c.h; path = PROPERTYPropertyOutput.h; sourceTree = "<group>"; };
		DBCBA0182076A068000118B7 /* PROPERTYPurchaseDetailsOutput.h */ = {isa = PBXFileReference; fileEncoding = 4; lastKnownFileType = sourcecode.c.h; path = PROPERTYPurchaseDetailsOutput.h; sourceTree = "<group>"; };
		DBCBA0192076A068000118B7 /* PROPERTYTenantIncomeOutput_tenant_income_expense_item.m */ = {isa = PBXFileReference; fileEncoding = 4; lastKnownFileType = sourcecode.c.objc; path = PROPERTYTenantIncomeOutput_tenant_income_expense_item.m; sourceTree = "<group>"; };
		DBCBA01A2076A069000118B7 /* PROPERTYPropertyTaxInput.h */ = {isa = PBXFileReference; fileEncoding = 4; lastKnownFileType = sourcecode.c.h; path = PROPERTYPropertyTaxInput.h; sourceTree = "<group>"; };
		DBCBA01B2076A069000118B7 /* PROPERTYPropertyTaxOutput.m */ = {isa = PBXFileReference; fileEncoding = 4; lastKnownFileType = sourcecode.c.objc; path = PROPERTYPropertyTaxOutput.m; sourceTree = "<group>"; };
		DBCBA01C2076A069000118B7 /* PROPERTYPurchaseDetailsInput.m */ = {isa = PBXFileReference; fileEncoding = 4; lastKnownFileType = sourcecode.c.objc; path = PROPERTYPurchaseDetailsInput.m; sourceTree = "<group>"; };
		DBCBA01D2076A069000118B7 /* PROPERTYRentalAgreementOutput_rental_agreement_item.h */ = {isa = PBXFileReference; fileEncoding = 4; lastKnownFileType = sourcecode.c.h; path = PROPERTYRentalAgreementOutput_rental_agreement_item.h; sourceTree = "<group>"; };
/* End PBXFileReference section */

/* Begin PBXFrameworksBuildPhase section */
		DB6C84B420740C4900A555B2 /* Frameworks */ = {
			isa = PBXFrameworksBuildPhase;
			buildActionMask = 2147483647;
			files = (
				9733F3B0E912D617F8328FD1 /* Pods_app_LandlordMobile.framework in Frameworks */,
			);
			runOnlyForDeploymentPostprocessing = 0;
		};
/* End PBXFrameworksBuildPhase section */

/* Begin PBXGroup section */
		5F2CAFDECAA70987D5157F05 /* Frameworks */ = {
			isa = PBXGroup;
			children = (
				93FF748376BCFE0AE299D8AE /* Pods_app_LandlordMobile.framework */,
			);
			name = Frameworks;
			sourceTree = "<group>";
		};
		A91CA88862FD45BFE938C576 /* Pods */ = {
			isa = PBXGroup;
			children = (
				BD48BF333CE33F3C36B4C0E1 /* Pods-app_LandlordMobile.debug.xcconfig */,
				3B38D5D0F4F36D894E37F68A /* Pods-app_LandlordMobile.release.xcconfig */,
			);
			name = Pods;
			sourceTree = "<group>";
		};
		DB6C84AE20740C4800A555B2 = {
			isa = PBXGroup;
			children = (
				DB6C84D020740CA100A555B2 /* Podfile */,
				DB6C84B920740C4900A555B2 /* app_LandlordMobile */,
				DB6C84B820740C4900A555B2 /* Products */,
				A91CA88862FD45BFE938C576 /* Pods */,
				5F2CAFDECAA70987D5157F05 /* Frameworks */,
			);
			sourceTree = "<group>";
		};
		DB6C84B820740C4900A555B2 /* Products */ = {
			isa = PBXGroup;
			children = (
				DB6C84B720740C4900A555B2 /* app_LandlordMobile.app */,
			);
			name = Products;
			sourceTree = "<group>";
		};
		DB6C84B920740C4900A555B2 /* app_LandlordMobile */ = {
			isa = PBXGroup;
			children = (
				DBCBA0072076A065000118B7 /* PROPERTYEmpty.h */,
				DBCB9FD72076A05E000118B7 /* PROPERTYEmpty.m */,
				DBCB9FE72076A061000118B7 /* PROPERTYMaintenanceExpTypeInput.h */,
				DBCBA0152076A068000118B7 /* PROPERTYMaintenanceExpTypeInput.m */,
				DBCB9FF92076A063000118B7 /* PROPERTYMaintenanceExpTypeOutput_maintenance_expense_types_item.h */,
				DBCBA0012076A064000118B7 /* PROPERTYMaintenanceExpTypeOutput_maintenance_expense_types_item.m */,
				DBCB9FF62076A063000118B7 /* PROPERTYMaintenanceExpTypeOutput.h */,
				DBCB9FF42076A063000118B7 /* PROPERTYMaintenanceExpTypeOutput.m */,
				DBCB9FFD2076A064000118B7 /* PROPERTYPropertyGeneralExpInput.h */,
				DBCB9FEF2076A062000118B7 /* PROPERTYPropertyGeneralExpInput.m */,
				DBCB9FD92076A05F000118B7 /* PROPERTYPropertyGeneralExpOutput_property_general_expenses_item.h */,
				DBCB9FF02076A062000118B7 /* PROPERTYPropertyGeneralExpOutput_property_general_expenses_item.m */,
				DBCB9FEB2076A061000118B7 /* PROPERTYPropertyGeneralExpOutput.h */,
				DBCB9FFE2076A064000118B7 /* PROPERTYPropertyGeneralExpOutput.m */,
				DBCB9FD22076A05E000118B7 /* PROPERTYPropertyInput.h */,
				DBCB9FFF2076A064000118B7 /* PROPERTYPropertyInput.m */,
				DBCB9FE22076A060000118B7 /* PROPERTYPropertyMaintExpInput.h */,
				DBCB9FE42076A060000118B7 /* PROPERTYPropertyMaintExpInput.m */,
				DBCBA00D2076A066000118B7 /* PROPERTYPropertyMaintExpOutput_property_maintenance_expenses_item.h */,
				DBCBA00B2076A066000118B7 /* PROPERTYPropertyMaintExpOutput_property_maintenance_expenses_item.m */,
				DBCB9FD32076A05E000118B7 /* PROPERTYPropertyMaintExpOutput.h */,
				DBCB9FDA2076A05F000118B7 /* PROPERTYPropertyMaintExpOutput.m */,
				DBCBA0082076A066000118B7 /* PROPERTYPropertyMangementClient.h */,
				DBCBA0052076A065000118B7 /* PROPERTYPropertyMangementClient.m */,
				DBCBA0132076A067000118B7 /* PROPERTYPropertyMortgageLoanInput.h */,
				DBCB9FEE2076A062000118B7 /* PROPERTYPropertyMortgageLoanInput.m */,
				DBCBA0162076A068000118B7 /* PROPERTYPropertyMortgageLoanOutput_property_mortgage_loan_item.h */,
				DBCB9FDF2076A05F000118B7 /* PROPERTYPropertyMortgageLoanOutput_property_mortgage_loan_item.m */,
				DBCB9FDE2076A05F000118B7 /* PROPERTYPropertyMortgageLoanOutput.h */,
				DBCBA0092076A066000118B7 /* PROPERTYPropertyMortgageLoanOutput.m */,
				DBCB9FF52076A063000118B7 /* PROPERTYPropertyOutput_properties_item.h */,
				DBCBA00A2076A066000118B7 /* PROPERTYPropertyOutput_properties_item.m */,
				DBCBA0172076A068000118B7 /* PROPERTYPropertyOutput.h */,
				DBCBA00C2076A066000118B7 /* PROPERTYPropertyOutput.m */,
				DBCBA0042076A065000118B7 /* PROPERTYPropertyOwnerInput.h */,
				DBCBA00E2076A067000118B7 /* PROPERTYPropertyOwnerInput.m */,
				DBCB9FC92076A05D000118B7 /* PROPERTYPropertyOwnerOutput_property_owner_item.h */,
				DBCB9FE52076A060000118B7 /* PROPERTYPropertyOwnerOutput_property_owner_item.m */,
				DBCB9FD02076A05E000118B7 /* PROPERTYPropertyOwnerOutput.h */,
				DBCB9FF72076A063000118B7 /* PROPERTYPropertyOwnerOutput.m */,
				DBCBA01A2076A069000118B7 /* PROPERTYPropertyTaxInput.h */,
				DBCB9FC82076A05D000118B7 /* PROPERTYPropertyTaxInput.m */,
				DBCB9FE32076A060000118B7 /* PROPERTYPropertyTaxOutput_property_tax_item.h */,
				DBCB9FFA2076A063000118B7 /* PROPERTYPropertyTaxOutput_property_tax_item.m */,
				DBCBA0142076A068000118B7 /* PROPERTYPropertyTaxOutput.h */,
				DBCBA01B2076A069000118B7 /* PROPERTYPropertyTaxOutput.m */,
				DBCB9FD62076A05E000118B7 /* PROPERTYPurchaseDetailsInput.h */,
				DBCBA01C2076A069000118B7 /* PROPERTYPurchaseDetailsInput.m */,
				DBCB9FD42076A05E000118B7 /* PROPERTYPurchaseDetailsOutput_purchase_details_item.h */,
				DBCB9FD12076A05E000118B7 /* PROPERTYPurchaseDetailsOutput_purchase_details_item.m */,
				DBCBA0182076A068000118B7 /* PROPERTYPurchaseDetailsOutput.h */,
				DBCB9FDB2076A05F000118B7 /* PROPERTYPurchaseDetailsOutput.m */,
				DBCBA0112076A067000118B7 /* PROPERTYRentalAgreementInput.h */,
				DBCB9FE92076A061000118B7 /* PROPERTYRentalAgreementInput.m */,
				DBCBA01D2076A069000118B7 /* PROPERTYRentalAgreementOutput_rental_agreement_item.h */,
				DBCB9FE02076A060000118B7 /* PROPERTYRentalAgreementOutput_rental_agreement_item.m */,
				DBCB9FF12076A062000118B7 /* PROPERTYRentalAgreementOutput.h */,
				DBCB9FED2076A062000118B7 /* PROPERTYRentalAgreementOutput.m */,
				DBCB9FF82076A063000118B7 /* PROPERTYTenantBackgroundInput.h */,
				DBCB9FEC2076A061000118B7 /* PROPERTYTenantBackgroundInput.m */,
				DBCB9FDC2076A05F000118B7 /* PROPERTYTenantBackgroundOutput_tenant_background_check_item.h */,
				DBCB9FEA2076A061000118B7 /* PROPERTYTenantBackgroundOutput_tenant_background_check_item.m */,
				DBCB9FF22076A062000118B7 /* PROPERTYTenantBackgroundOutput.h */,
				DBCB9FE62076A060000118B7 /* PROPERTYTenantBackgroundOutput.m */,
				DBCBA00F2076A067000118B7 /* PROPERTYTenantIncomeInput.h */,
				DBCBA0002076A064000118B7 /* PROPERTYTenantIncomeInput.m */,
				DBCB9FCA2076A05D000118B7 /* PROPERTYTenantIncomeOutput_tenant_income_expense_item.h */,
				DBCBA0192076A068000118B7 /* PROPERTYTenantIncomeOutput_tenant_income_expense_item.m */,
				DBCB9FD82076A05F000118B7 /* PROPERTYTenantIncomeOutput.h */,
				DBCB9FC62076A05D000118B7 /* PROPERTYTenantIncomeOutput.m */,
				DBCB9FFC2076A064000118B7 /* PROPERTYTenantInput.h */,
				DBCBA0022076A065000118B7 /* PROPERTYTenantInput.m */,
				DBCB9FC72076A05D000118B7 /* PROPERTYTenantOccupationInput.h */,
				DBCB9FCB2076A05D000118B7 /* PROPERTYTenantOccupationInput.m */,
				DBCB9FE12076A060000118B7 /* PROPERTYTenantOccupationOutput_tenant_occupation_item.h */,
				DBCB9FCC2076A05D000118B7 /* PROPERTYTenantOccupationOutput_tenant_occupation_item.m */,
				DBCB9FE82076A061000118B7 /* PROPERTYTenantOccupationOutput.h */,
				DBCB9FD52076A05E000118B7 /* PROPERTYTenantOccupationOutput.m */,
				DBCB9FF32076A062000118B7 /* PROPERTYTenantOutput_tenants_item.h */,
				DBCB9FCD2076A05D000118B7 /* PROPERTYTenantOutput_tenants_item.m */,
				DBCB9FCE2076A05D000118B7 /* PROPERTYTenantOutput.h */,
				DBCBA0062076A065000118B7 /* PROPERTYTenantOutput.m */,
				DBCBA0102076A067000118B7 /* PROPERTYTenantRefInput.h */,
				DBCBA0122076A067000118B7 /* PROPERTYTenantRefInput.m */,
				DBCBA0032076A065000118B7 /* PROPERTYTenantRefOutput_tenant_references_item.h */,
				DBCB9FDD2076A05F000118B7 /* PROPERTYTenantRefOutput_tenant_references_item.m */,
				DBCB9FFB2076A064000118B7 /* PROPERTYTenantRefOutput.h */,
				DBCB9FCF2076A05E000118B7 /* PROPERTYTenantRefOutput.m */,
				DB6C84BA20740C4900A555B2 /* AppDelegate.h */,
				DB6C84BB20740C4900A555B2 /* AppDelegate.m */,
				DB6C84BD20740C4900A555B2 /* ViewController.h */,
				DB6C84BE20740C4900A555B2 /* ViewController.m */,
				DB6C84C020740C4900A555B2 /* Main.storyboard */,
				DB6C84C320740C4900A555B2 /* Assets.xcassets */,
				DB6C84C520740C4900A555B2 /* LaunchScreen.storyboard */,
				DB6C84C820740C4900A555B2 /* Info.plist */,
				DB6C84C920740C4900A555B2 /* main.m */,
			);
			path = app_LandlordMobile;
			sourceTree = "<group>";
		};
/* End PBXGroup section */

/* Begin PBXNativeTarget section */
		DB6C84B620740C4900A555B2 /* app_LandlordMobile */ = {
			isa = PBXNativeTarget;
			buildConfigurationList = DB6C84CD20740C4900A555B2 /* Build configuration list for PBXNativeTarget "app_LandlordMobile" */;
			buildPhases = (
				A993F5064A61EDB3FBBD9D03 /* [CP] Check Pods Manifest.lock */,
				DB6C84B320740C4900A555B2 /* Sources */,
				DB6C84B420740C4900A555B2 /* Frameworks */,
				DB6C84B520740C4900A555B2 /* Resources */,
				02A4DBB998DCA9F21BFCA9F5 /* [CP] Embed Pods Frameworks */,
				BEF11A6E88180F13E4149DE9 /* [CP] Copy Pods Resources */,
			);
			buildRules = (
			);
			dependencies = (
			);
			name = app_LandlordMobile;
			productName = app_LandlordMobile;
			productReference = DB6C84B720740C4900A555B2 /* app_LandlordMobile.app */;
			productType = "com.apple.product-type.application";
		};
/* End PBXNativeTarget section */

/* Begin PBXProject section */
		DB6C84AF20740C4800A555B2 /* Project object */ = {
			isa = PBXProject;
			attributes = {
				LastUpgradeCheck = 0920;
				ORGANIZATIONNAME = "Nafisa Hasan";
				TargetAttributes = {
					DB6C84B620740C4900A555B2 = {
						CreatedOnToolsVersion = 9.2;
						ProvisioningStyle = Automatic;
					};
				};
			};
			buildConfigurationList = DB6C84B220740C4800A555B2 /* Build configuration list for PBXProject "app_LandlordMobile" */;
			compatibilityVersion = "Xcode 8.0";
			developmentRegion = en;
			hasScannedForEncodings = 0;
			knownRegions = (
				en,
				Base,
			);
			mainGroup = DB6C84AE20740C4800A555B2;
			productRefGroup = DB6C84B820740C4900A555B2 /* Products */;
			projectDirPath = "";
			projectRoot = "";
			targets = (
				DB6C84B620740C4900A555B2 /* app_LandlordMobile */,
			);
		};
/* End PBXProject section */

/* Begin PBXResourcesBuildPhase section */
		DB6C84B520740C4900A555B2 /* Resources */ = {
			isa = PBXResourcesBuildPhase;
			buildActionMask = 2147483647;
			files = (
				DB6C84C720740C4900A555B2 /* LaunchScreen.storyboard in Resources */,
				DB6C84C420740C4900A555B2 /* Assets.xcassets in Resources */,
				DB6C84D120740CA100A555B2 /* Podfile in Resources */,
				DB6C84C220740C4900A555B2 /* Main.storyboard in Resources */,
			);
			runOnlyForDeploymentPostprocessing = 0;
		};
/* End PBXResourcesBuildPhase section */

/* Begin PBXShellScriptBuildPhase section */
		02A4DBB998DCA9F21BFCA9F5 /* [CP] Embed Pods Frameworks */ = {
			isa = PBXShellScriptBuildPhase;
			buildActionMask = 2147483647;
			files = (
			);
			inputPaths = (
				"${SRCROOT}/Pods/Target Support Files/Pods-app_LandlordMobile/Pods-app_LandlordMobile-frameworks.sh",
				"${BUILT_PRODUCTS_DIR}/AWSAPIGateway/AWSAPIGateway.framework",
				"${BUILT_PRODUCTS_DIR}/AWSCore/AWSCore.framework",
			);
			name = "[CP] Embed Pods Frameworks";
			outputPaths = (
				"${TARGET_BUILD_DIR}/${FRAMEWORKS_FOLDER_PATH}/AWSAPIGateway.framework",
				"${TARGET_BUILD_DIR}/${FRAMEWORKS_FOLDER_PATH}/AWSCore.framework",
			);
			runOnlyForDeploymentPostprocessing = 0;
			shellPath = /bin/sh;
			shellScript = "\"${SRCROOT}/Pods/Target Support Files/Pods-app_LandlordMobile/Pods-app_LandlordMobile-frameworks.sh\"\n";
			showEnvVarsInLog = 0;
		};
		A993F5064A61EDB3FBBD9D03 /* [CP] Check Pods Manifest.lock */ = {
			isa = PBXShellScriptBuildPhase;
			buildActionMask = 2147483647;
			files = (
			);
			inputPaths = (
				"${PODS_PODFILE_DIR_PATH}/Podfile.lock",
				"${PODS_ROOT}/Manifest.lock",
			);
			name = "[CP] Check Pods Manifest.lock";
			outputPaths = (
				"$(DERIVED_FILE_DIR)/Pods-app_LandlordMobile-checkManifestLockResult.txt",
			);
			runOnlyForDeploymentPostprocessing = 0;
			shellPath = /bin/sh;
			shellScript = "diff \"${PODS_PODFILE_DIR_PATH}/Podfile.lock\" \"${PODS_ROOT}/Manifest.lock\" > /dev/null\nif [ $? != 0 ] ; then\n    # print error to STDERR\n    echo \"error: The sandbox is not in sync with the Podfile.lock. Run 'pod install' or update your CocoaPods installation.\" >&2\n    exit 1\nfi\n# This output is used by Xcode 'outputs' to avoid re-running this script phase.\necho \"SUCCESS\" > \"${SCRIPT_OUTPUT_FILE_0}\"\n";
			showEnvVarsInLog = 0;
		};
		BEF11A6E88180F13E4149DE9 /* [CP] Copy Pods Resources */ = {
			isa = PBXShellScriptBuildPhase;
			buildActionMask = 2147483647;
			files = (
			);
			inputPaths = (
			);
			name = "[CP] Copy Pods Resources";
			outputPaths = (
			);
			runOnlyForDeploymentPostprocessing = 0;
			shellPath = /bin/sh;
			shellScript = "\"${SRCROOT}/Pods/Target Support Files/Pods-app_LandlordMobile/Pods-app_LandlordMobile-resources.sh\"\n";
			showEnvVarsInLog = 0;
		};
/* End PBXShellScriptBuildPhase section */

/* Begin PBXSourcesBuildPhase section */
		DB6C84B320740C4900A555B2 /* Sources */ = {
			isa = PBXSourcesBuildPhase;
			buildActionMask = 2147483647;
			files = (
				DBCBA0352076A069000118B7 /* PROPERTYPropertyGeneralExpOutput_property_general_expenses_item.m in Sources */,
				DBCBA0462076A069000118B7 /* PROPERTYMaintenanceExpTypeInput.m in Sources */,
				DBCBA02C2076A069000118B7 /* PROPERTYPropertyMaintExpInput.m in Sources */,
				DBCBA03B2076A069000118B7 /* PROPERTYTenantIncomeInput.m in Sources */,
				DBCBA0222076A069000118B7 /* PROPERTYTenantOutput_tenants_item.m in Sources */,
				DBCBA0392076A069000118B7 /* PROPERTYPropertyGeneralExpOutput.m in Sources */,
				DBCBA0452076A069000118B7 /* PROPERTYTenantRefInput.m in Sources */,
				DBCBA0332076A069000118B7 /* PROPERTYPropertyMortgageLoanInput.m in Sources */,
				DBCBA0342076A069000118B7 /* PROPERTYPropertyGeneralExpInput.m in Sources */,
				DBCBA02E2076A069000118B7 /* PROPERTYTenantBackgroundOutput.m in Sources */,
				DBCBA0412076A069000118B7 /* PROPERTYPropertyOutput_properties_item.m in Sources */,
				DB6C84BF20740C4900A555B2 /* ViewController.m in Sources */,
				DBCBA03F2076A069000118B7 /* PROPERTYTenantOutput.m in Sources */,
				DBCBA0212076A069000118B7 /* PROPERTYTenantOccupationOutput_tenant_occupation_item.m in Sources */,
				DBCBA0482076A069000118B7 /* PROPERTYPropertyTaxOutput.m in Sources */,
				DB6C84CA20740C4900A555B2 /* main.m in Sources */,
				DBCBA0422076A069000118B7 /* PROPERTYPropertyMaintExpOutput_property_maintenance_expenses_item.m in Sources */,
				DBCBA0322076A069000118B7 /* PROPERTYRentalAgreementOutput.m in Sources */,
				DBCBA0382076A069000118B7 /* PROPERTYPropertyTaxOutput_property_tax_item.m in Sources */,
				DBCBA03A2076A069000118B7 /* PROPERTYPropertyInput.m in Sources */,
				DBCBA0292076A069000118B7 /* PROPERTYTenantRefOutput_tenant_references_item.m in Sources */,
				DBCBA03E2076A069000118B7 /* PROPERTYPropertyMangementClient.m in Sources */,
				DBCBA0242076A069000118B7 /* PROPERTYPurchaseDetailsOutput_purchase_details_item.m in Sources */,
				DBCBA02F2076A069000118B7 /* PROPERTYRentalAgreementInput.m in Sources */,
				DBCBA0362076A069000118B7 /* PROPERTYMaintenanceExpTypeOutput.m in Sources */,
				DBCBA01F2076A069000118B7 /* PROPERTYPropertyTaxInput.m in Sources */,
				DBCBA0262076A069000118B7 /* PROPERTYEmpty.m in Sources */,
				DBCBA0282076A069000118B7 /* PROPERTYPurchaseDetailsOutput.m in Sources */,
				DBCBA0492076A069000118B7 /* PROPERTYPurchaseDetailsInput.m in Sources */,
				DBCBA0432076A069000118B7 /* PROPERTYPropertyOutput.m in Sources */,
				DBCBA0372076A069000118B7 /* PROPERTYPropertyOwnerOutput.m in Sources */,
				DBCBA03D2076A069000118B7 /* PROPERTYTenantInput.m in Sources */,
				DBCBA0472076A069000118B7 /* PROPERTYTenantIncomeOutput_tenant_income_expense_item.m in Sources */,
				DBCBA01E2076A069000118B7 /* PROPERTYTenantIncomeOutput.m in Sources */,
				DBCBA0252076A069000118B7 /* PROPERTYTenantOccupationOutput.m in Sources */,
				DBCBA0442076A069000118B7 /* PROPERTYPropertyOwnerInput.m in Sources */,
				DBCBA0272076A069000118B7 /* PROPERTYPropertyMaintExpOutput.m in Sources */,
				DBCBA03C2076A069000118B7 /* PROPERTYMaintenanceExpTypeOutput_maintenance_expense_types_item.m in Sources */,
				DBCBA02D2076A069000118B7 /* PROPERTYPropertyOwnerOutput_property_owner_item.m in Sources */,
				DBCBA02B2076A069000118B7 /* PROPERTYRentalAgreementOutput_rental_agreement_item.m in Sources */,
				DBCBA0312076A069000118B7 /* PROPERTYTenantBackgroundInput.m in Sources */,
				DBCBA0402076A069000118B7 /* PROPERTYPropertyMortgageLoanOutput.m in Sources */,
				DBCBA02A2076A069000118B7 /* PROPERTYPropertyMortgageLoanOutput_property_mortgage_loan_item.m in Sources */,
				DBCBA0232076A069000118B7 /* PROPERTYTenantRefOutput.m in Sources */,
				DBCBA0202076A069000118B7 /* PROPERTYTenantOccupationInput.m in Sources */,
				DB6C84BC20740C4900A555B2 /* AppDelegate.m in Sources */,
				DBCBA0302076A069000118B7 /* PROPERTYTenantBackgroundOutput_tenant_background_check_item.m in Sources */,
			);
			runOnlyForDeploymentPostprocessing = 0;
		};
/* End PBXSourcesBuildPhase section */

/* Begin PBXVariantGroup section */
		DB6C84C020740C4900A555B2 /* Main.storyboard */ = {
			isa = PBXVariantGroup;
			children = (
				DB6C84C120740C4900A555B2 /* Base */,
			);
			name = Main.storyboard;
			sourceTree = "<group>";
		};
		DB6C84C520740C4900A555B2 /* LaunchScreen.storyboard */ = {
			isa = PBXVariantGroup;
			children = (
				DB6C84C620740C4900A555B2 /* Base */,
			);
			name = LaunchScreen.storyboard;
			sourceTree = "<group>";
		};
/* End PBXVariantGroup section */

/* Begin XCBuildConfiguration section */
		DB6C84CB20740C4900A555B2 /* Debug */ = {
			isa = XCBuildConfiguration;
			buildSettings = {
				ALWAYS_SEARCH_USER_PATHS = NO;
				CLANG_ANALYZER_NONNULL = YES;
				CLANG_ANALYZER_NUMBER_OBJECT_CONVERSION = YES_AGGRESSIVE;
				CLANG_CXX_LANGUAGE_STANDARD = "gnu++14";
				CLANG_CXX_LIBRARY = "libc++";
				CLANG_ENABLE_MODULES = YES;
				CLANG_ENABLE_OBJC_ARC = YES;
				CLANG_WARN_BLOCK_CAPTURE_AUTORELEASING = YES;
				CLANG_WARN_BOOL_CONVERSION = YES;
				CLANG_WARN_COMMA = YES;
				CLANG_WARN_CONSTANT_CONVERSION = YES;
				CLANG_WARN_DIRECT_OBJC_ISA_USAGE = YES_ERROR;
				CLANG_WARN_DOCUMENTATION_COMMENTS = YES;
				CLANG_WARN_EMPTY_BODY = YES;
				CLANG_WARN_ENUM_CONVERSION = YES;
				CLANG_WARN_INFINITE_RECURSION = YES;
				CLANG_WARN_INT_CONVERSION = YES;
				CLANG_WARN_NON_LITERAL_NULL_CONVERSION = YES;
				CLANG_WARN_OBJC_LITERAL_CONVERSION = YES;
				CLANG_WARN_OBJC_ROOT_CLASS = YES_ERROR;
				CLANG_WARN_RANGE_LOOP_ANALYSIS = YES;
				CLANG_WARN_STRICT_PROTOTYPES = YES;
				CLANG_WARN_SUSPICIOUS_MOVE = YES;
				CLANG_WARN_UNGUARDED_AVAILABILITY = YES_AGGRESSIVE;
				CLANG_WARN_UNREACHABLE_CODE = YES;
				CLANG_WARN__DUPLICATE_METHOD_MATCH = YES;
				CODE_SIGN_IDENTITY = "iPhone Developer";
				COPY_PHASE_STRIP = NO;
				DEBUG_INFORMATION_FORMAT = dwarf;
				ENABLE_STRICT_OBJC_MSGSEND = YES;
				ENABLE_TESTABILITY = YES;
				GCC_C_LANGUAGE_STANDARD = gnu11;
				GCC_DYNAMIC_NO_PIC = NO;
				GCC_NO_COMMON_BLOCKS = YES;
				GCC_OPTIMIZATION_LEVEL = 0;
				GCC_PREPROCESSOR_DEFINITIONS = (
					"DEBUG=1",
					"$(inherited)",
				);
				GCC_WARN_64_TO_32_BIT_CONVERSION = YES;
				GCC_WARN_ABOUT_RETURN_TYPE = YES_ERROR;
				GCC_WARN_UNDECLARED_SELECTOR = YES;
				GCC_WARN_UNINITIALIZED_AUTOS = YES_AGGRESSIVE;
				GCC_WARN_UNUSED_FUNCTION = YES;
				GCC_WARN_UNUSED_VARIABLE = YES;
				IPHONEOS_DEPLOYMENT_TARGET = 11.2;
				MTL_ENABLE_DEBUG_INFO = YES;
				ONLY_ACTIVE_ARCH = YES;
				SDKROOT = iphoneos;
			};
			name = Debug;
		};
		DB6C84CC20740C4900A555B2 /* Release */ = {
			isa = XCBuildConfiguration;
			buildSettings = {
				ALWAYS_SEARCH_USER_PATHS = NO;
				CLANG_ANALYZER_NONNULL = YES;
				CLANG_ANALYZER_NUMBER_OBJECT_CONVERSION = YES_AGGRESSIVE;
				CLANG_CXX_LANGUAGE_STANDARD = "gnu++14";
				CLANG_CXX_LIBRARY = "libc++";
				CLANG_ENABLE_MODULES = YES;
				CLANG_ENABLE_OBJC_ARC = YES;
				CLANG_WARN_BLOCK_CAPTURE_AUTORELEASING = YES;
				CLANG_WARN_BOOL_CONVERSION = YES;
				CLANG_WARN_COMMA = YES;
				CLANG_WARN_CONSTANT_CONVERSION = YES;
				CLANG_WARN_DIRECT_OBJC_ISA_USAGE = YES_ERROR;
				CLANG_WARN_DOCUMENTATION_COMMENTS = YES;
				CLANG_WARN_EMPTY_BODY = YES;
				CLANG_WARN_ENUM_CONVERSION = YES;
				CLANG_WARN_INFINITE_RECURSION = YES;
				CLANG_WARN_INT_CONVERSION = YES;
				CLANG_WARN_NON_LITERAL_NULL_CONVERSION = YES;
				CLANG_WARN_OBJC_LITERAL_CONVERSION = YES;
				CLANG_WARN_OBJC_ROOT_CLASS = YES_ERROR;
				CLANG_WARN_RANGE_LOOP_ANALYSIS = YES;
				CLANG_WARN_STRICT_PROTOTYPES = YES;
				CLANG_WARN_SUSPICIOUS_MOVE = YES;
				CLANG_WARN_UNGUARDED_AVAILABILITY = YES_AGGRESSIVE;
				CLANG_WARN_UNREACHABLE_CODE = YES;
				CLANG_WARN__DUPLICATE_METHOD_MATCH = YES;
				CODE_SIGN_IDENTITY = "iPhone Developer";
				COPY_PHASE_STRIP = NO;
				DEBUG_INFORMATION_FORMAT = "dwarf-with-dsym";
				ENABLE_NS_ASSERTIONS = NO;
				ENABLE_STRICT_OBJC_MSGSEND = YES;
				GCC_C_LANGUAGE_STANDARD = gnu11;
				GCC_NO_COMMON_BLOCKS = YES;
				GCC_WARN_64_TO_32_BIT_CONVERSION = YES;
				GCC_WARN_ABOUT_RETURN_TYPE = YES_ERROR;
				GCC_WARN_UNDECLARED_SELECTOR = YES;
				GCC_WARN_UNINITIALIZED_AUTOS = YES_AGGRESSIVE;
				GCC_WARN_UNUSED_FUNCTION = YES;
				GCC_WARN_UNUSED_VARIABLE = YES;
				IPHONEOS_DEPLOYMENT_TARGET = 11.2;
				MTL_ENABLE_DEBUG_INFO = NO;
				SDKROOT = iphoneos;
				VALIDATE_PRODUCT = YES;
			};
			name = Release;
		};
		DB6C84CE20740C4900A555B2 /* Debug */ = {
			isa = XCBuildConfiguration;
			baseConfigurationReference = BD48BF333CE33F3C36B4C0E1 /* Pods-app_LandlordMobile.debug.xcconfig */;
			buildSettings = {
				ASSETCATALOG_COMPILER_APPICON_NAME = AppIcon;
				CODE_SIGN_STYLE = Automatic;
				INFOPLIST_FILE = app_LandlordMobile/Info.plist;
				LD_RUNPATH_SEARCH_PATHS = "$(inherited) @executable_path/Frameworks";
				PRODUCT_BUNDLE_IDENTIFIER = "com.example.app-LandlordMobile";
				PRODUCT_NAME = "$(TARGET_NAME)";
				TARGETED_DEVICE_FAMILY = "1,2";
			};
			name = Debug;
		};
		DB6C84CF20740C4900A555B2 /* Release */ = {
			isa = XCBuildConfiguration;
			baseConfigurationReference = 3B38D5D0F4F36D894E37F68A /* Pods-app_LandlordMobile.release.xcconfig */;
			buildSettings = {
				ASSETCATALOG_COMPILER_APPICON_NAME = AppIcon;
				CODE_SIGN_STYLE = Automatic;
				INFOPLIST_FILE = app_LandlordMobile/Info.plist;
				LD_RUNPATH_SEARCH_PATHS = "$(inherited) @executable_path/Frameworks";
				PRODUCT_BUNDLE_IDENTIFIER = "com.example.app-LandlordMobile";
				PRODUCT_NAME = "$(TARGET_NAME)";
				TARGETED_DEVICE_FAMILY = "1,2";
			};
			name = Release;
		};
/* End XCBuildConfiguration section */

/* Begin XCConfigurationList section */
		DB6C84B220740C4800A555B2 /* Build configuration list for PBXProject "app_LandlordMobile" */ = {
			isa = XCConfigurationList;
			buildConfigurations = (
				DB6C84CB20740C4900A555B2 /* Debug */,
				DB6C84CC20740C4900A555B2 /* Release */,
			);
			defaultConfigurationIsVisible = 0;
			defaultConfigurationName = Release;
		};
		DB6C84CD20740C4900A555B2 /* Build configuration list for PBXNativeTarget "app_LandlordMobile" */ = {
			isa = XCConfigurationList;
			buildConfigurations = (
				DB6C84CE20740C4900A555B2 /* Debug */,
				DB6C84CF20740C4900A555B2 /* Release */,
			);
			defaultConfigurationIsVisible = 0;
			defaultConfigurationName = Release;
		};
/* End XCConfigurationList section */
	};
	rootObject = DB6C84AF20740C4800A555B2 /* Project object */;
}
